// !$*UTF8*$!
{
	archiveVersion = 1;
	classes = {
	};
	objectVersion = 51;
	objects = {

/* Begin PBXBuildFile section */
		017A877B26BC1F8E00971C01 /* GoogleService-Info.plist in Resources */ = {isa = PBXBuildFile; fileRef = 017A877A26BC1F8E00971C01 /* GoogleService-Info.plist */; };
		017A877C26BC1F8E00971C01 /* GoogleService-Info.plist in Resources */ = {isa = PBXBuildFile; fileRef = 017A877A26BC1F8E00971C01 /* GoogleService-Info.plist */; };
		017A877D26BC1F8F00971C01 /* GoogleService-Info.plist in Resources */ = {isa = PBXBuildFile; fileRef = 017A877A26BC1F8E00971C01 /* GoogleService-Info.plist */; };
		017A877E26BC1F8F00971C01 /* GoogleService-Info.plist in Resources */ = {isa = PBXBuildFile; fileRef = 017A877A26BC1F8E00971C01 /* GoogleService-Info.plist */; };
		01C934FB26BC519D00FFE250 /* LoadingViewController.swift in Sources */ = {isa = PBXBuildFile; fileRef = 01C934FA26BC519D00FFE250 /* LoadingViewController.swift */; };
		01C9352826BCD5C900FFE250 /* Constants.swift in Sources */ = {isa = PBXBuildFile; fileRef = 01C9352726BCD5C900FFE250 /* Constants.swift */; };
		01C9352D26BDA92E00FFE250 /* CustomTableViewCell.xib in Resources */ = {isa = PBXBuildFile; fileRef = 01C9352C26BDA92E00FFE250 /* CustomTableViewCell.xib */; };
		01C9353026BDBE0300FFE250 /* CustomTableViewCell.swift in Sources */ = {isa = PBXBuildFile; fileRef = 01C9352F26BDBE0300FFE250 /* CustomTableViewCell.swift */; };
		01DFD9C726AEFF3C00D905A1 /* AppDelegate.swift in Sources */ = {isa = PBXBuildFile; fileRef = 01DFD9C626AEFF3C00D905A1 /* AppDelegate.swift */; };
		01DFD9C926AEFF3C00D905A1 /* SceneDelegate.swift in Sources */ = {isa = PBXBuildFile; fileRef = 01DFD9C826AEFF3C00D905A1 /* SceneDelegate.swift */; };
		01DFD9CB26AEFF3C00D905A1 /* LoginSignupViewController.swift in Sources */ = {isa = PBXBuildFile; fileRef = 01DFD9CA26AEFF3C00D905A1 /* LoginSignupViewController.swift */; };
		01DFD9CE26AEFF3C00D905A1 /* Main.storyboard in Resources */ = {isa = PBXBuildFile; fileRef = 01DFD9CC26AEFF3C00D905A1 /* Main.storyboard */; };
		01DFD9D026AEFF4100D905A1 /* Assets.xcassets in Resources */ = {isa = PBXBuildFile; fileRef = 01DFD9CF26AEFF4100D905A1 /* Assets.xcassets */; };
		01DFD9D326AEFF4100D905A1 /* LaunchScreen.storyboard in Resources */ = {isa = PBXBuildFile; fileRef = 01DFD9D126AEFF4100D905A1 /* LaunchScreen.storyboard */; };
		01DFDA6126AFA4A000D905A1 /* LoginViewController.swift in Sources */ = {isa = PBXBuildFile; fileRef = 01DFDA6026AFA4A000D905A1 /* LoginViewController.swift */; };
		01DFDAA126B0AE5700D905A1 /* SignUpViewController.swift in Sources */ = {isa = PBXBuildFile; fileRef = 01DFDAA026B0AE5700D905A1 /* SignUpViewController.swift */; };
		01DFDAA326B0B6A400D905A1 /* GenderViewController.swift in Sources */ = {isa = PBXBuildFile; fileRef = 01DFDAA226B0B6A400D905A1 /* GenderViewController.swift */; };
		01DFDAB726B2370300D905A1 /* UserModelTest.swift in Sources */ = {isa = PBXBuildFile; fileRef = 01DFDAB626B2370300D905A1 /* UserModelTest.swift */; };
		01DFDABF26B2D8A600D905A1 /* UserModel.swift in Sources */ = {isa = PBXBuildFile; fileRef = 01DFDABE26B2D8A600D905A1 /* UserModel.swift */; };
		01DFDAC126B2DB8900D905A1 /* UserViewModel.swift in Sources */ = {isa = PBXBuildFile; fileRef = 01DFDAC026B2DB8900D905A1 /* UserViewModel.swift */; };
		01E2B33E26B30E7000C7A504 /* LoginViewControllerTests.swift in Sources */ = {isa = PBXBuildFile; fileRef = 01DFDA5E26AFA3A500D905A1 /* LoginViewControllerTests.swift */; };
		01E2B33F26B30E7300C7A504 /* LoginSignUpViewControllerTest.swift in Sources */ = {isa = PBXBuildFile; fileRef = 01DFDA5C26AF961700D905A1 /* LoginSignUpViewControllerTest.swift */; };
		01E2B34126B32A4200C7A504 /* UserViewModelTests.swift in Sources */ = {isa = PBXBuildFile; fileRef = 01E2B34026B32A4200C7A504 /* UserViewModelTests.swift */; };
		01E2B34426B352EB00C7A504 /* Screen Shot 2021-06-25 at 3.03.07 PM.png in Resources */ = {isa = PBXBuildFile; fileRef = 01E2B34326B352EA00C7A504 /* Screen Shot 2021-06-25 at 3.03.07 PM.png */; };
		01E2B34626B3909C00C7A504 /* TabBarController.swift in Sources */ = {isa = PBXBuildFile; fileRef = 01E2B34526B3909C00C7A504 /* TabBarController.swift */; };
		01E2B34926B3913D00C7A504 /* HomeViewController.swift in Sources */ = {isa = PBXBuildFile; fileRef = 01E2B34826B3913D00C7A504 /* HomeViewController.swift */; };
		01E2B34B26B3915900C7A504 /* ExplorerViewController.swift in Sources */ = {isa = PBXBuildFile; fileRef = 01E2B34A26B3915900C7A504 /* ExplorerViewController.swift */; };
		01E2B34D26B3917900C7A504 /* ShareViewController.swift in Sources */ = {isa = PBXBuildFile; fileRef = 01E2B34C26B3917900C7A504 /* ShareViewController.swift */; };
		01E2B34F26B3918600C7A504 /* SavedViewController.swift in Sources */ = {isa = PBXBuildFile; fileRef = 01E2B34E26B3918600C7A504 /* SavedViewController.swift */; };
		01E2B35126B391A100C7A504 /* ProfileViewController.swift in Sources */ = {isa = PBXBuildFile; fileRef = 01E2B35026B391A100C7A504 /* ProfileViewController.swift */; };
		01E2B35326B4969800C7A504 /* DIYPickerViewController.swift in Sources */ = {isa = PBXBuildFile; fileRef = 01E2B35226B4969700C7A504 /* DIYPickerViewController.swift */; };
		01E2B35526B496B600C7A504 /* ExperienceViewController.swift in Sources */ = {isa = PBXBuildFile; fileRef = 01E2B35426B496B500C7A504 /* ExperienceViewController.swift */; };
		01E2B3AE26B8875800C7A504 /* Notification.swift in Sources */ = {isa = PBXBuildFile; fileRef = 01E2B3AD26B8875800C7A504 /* Notification.swift */; };
		01ECCE4E26B992360052470F /* UserNotifications.framework in Frameworks */ = {isa = PBXBuildFile; fileRef = 01177A6726B98053009DF721 /* UserNotifications.framework */; };
		01ECCE4F26B992360052470F /* UserNotificationsUI.framework in Frameworks */ = {isa = PBXBuildFile; fileRef = 01177A6926B98053009DF721 /* UserNotificationsUI.framework */; };
		01ECCE5226B992360052470F /* NotificationViewController.swift in Sources */ = {isa = PBXBuildFile; fileRef = 01ECCE5126B992360052470F /* NotificationViewController.swift */; };
		01ECCE5526B992360052470F /* MainInterface.storyboard in Resources */ = {isa = PBXBuildFile; fileRef = 01ECCE5326B992360052470F /* MainInterface.storyboard */; };
		01ECCE5926B992360052470F /* NotificationContent.appex in Embed App Extensions */ = {isa = PBXBuildFile; fileRef = 01ECCE4D26B992360052470F /* NotificationContent.appex */; settings = {ATTRIBUTES = (RemoveHeadersOnCopy, ); }; };
		01ECCE6426B992530052470F /* NotificationService.swift in Sources */ = {isa = PBXBuildFile; fileRef = 01ECCE6326B992530052470F /* NotificationService.swift */; };
		01ECCE6826B992530052470F /* NotificationService.appex in Embed App Extensions */ = {isa = PBXBuildFile; fileRef = 01ECCE6126B992530052470F /* NotificationService.appex */; settings = {ATTRIBUTES = (RemoveHeadersOnCopy, ); }; };
		59D27C31ABFA96970642B581 /* Pods_SnipProject.framework in Frameworks */ = {isa = PBXBuildFile; fileRef = 00D7568B45D6F915ECC9A911 /* Pods_SnipProject.framework */; };
		80C049A4EFAA3B729490F07C /* Pods_NotificationService.framework in Frameworks */ = {isa = PBXBuildFile; fileRef = C5FE3A2C10D4A3D5C372287E /* Pods_NotificationService.framework */; };
		A210BD410D508A26FD373FC0 /* Pods_SnipProjectTests.framework in Frameworks */ = {isa = PBXBuildFile; fileRef = 8D2F29C565D2302470C7E299 /* Pods_SnipProjectTests.framework */; };
		F570990573D07213B0E1C0A4 /* Pods_NotificationContent.framework in Frameworks */ = {isa = PBXBuildFile; fileRef = 3F60489BD03889E896E0AD6A /* Pods_NotificationContent.framework */; };
/* End PBXBuildFile section */

/* Begin PBXContainerItemProxy section */
		01DFDAB926B2370300D905A1 /* PBXContainerItemProxy */ = {
			isa = PBXContainerItemProxy;
			containerPortal = 01DFD9BB26AEFF3C00D905A1 /* Project object */;
			proxyType = 1;
			remoteGlobalIDString = 01DFD9C226AEFF3C00D905A1;
			remoteInfo = SnipProject;
		};
		01ECCE5726B992360052470F /* PBXContainerItemProxy */ = {
			isa = PBXContainerItemProxy;
			containerPortal = 01DFD9BB26AEFF3C00D905A1 /* Project object */;
			proxyType = 1;
			remoteGlobalIDString = 01ECCE4C26B992360052470F;
			remoteInfo = NotificationContent;
		};
		01ECCE6626B992530052470F /* PBXContainerItemProxy */ = {
			isa = PBXContainerItemProxy;
			containerPortal = 01DFD9BB26AEFF3C00D905A1 /* Project object */;
			proxyType = 1;
			remoteGlobalIDString = 01ECCE6026B992530052470F;
			remoteInfo = NotificationService;
		};
/* End PBXContainerItemProxy section */

/* Begin PBXCopyFilesBuildPhase section */
		01177A4126B8E187009DF721 /* Embed App Extensions */ = {
			isa = PBXCopyFilesBuildPhase;
			buildActionMask = 2147483647;
			dstPath = "";
			dstSubfolderSpec = 13;
			files = (
				01ECCE5926B992360052470F /* NotificationContent.appex in Embed App Extensions */,
				01ECCE6826B992530052470F /* NotificationService.appex in Embed App Extensions */,
			);
			name = "Embed App Extensions";
			runOnlyForDeploymentPostprocessing = 0;
		};
/* End PBXCopyFilesBuildPhase section */

/* Begin PBXFileReference section */
		009DDF58BF9330E54FBD8E4F /* Pods-NotificationService.release.xcconfig */ = {isa = PBXFileReference; includeInIndex = 1; lastKnownFileType = text.xcconfig; name = "Pods-NotificationService.release.xcconfig"; path = "Target Support Files/Pods-NotificationService/Pods-NotificationService.release.xcconfig"; sourceTree = "<group>"; };
		00D7568B45D6F915ECC9A911 /* Pods_SnipProject.framework */ = {isa = PBXFileReference; explicitFileType = wrapper.framework; includeInIndex = 0; path = Pods_SnipProject.framework; sourceTree = BUILT_PRODUCTS_DIR; };
		01177A6726B98053009DF721 /* UserNotifications.framework */ = {isa = PBXFileReference; lastKnownFileType = wrapper.framework; name = UserNotifications.framework; path = System/Library/Frameworks/UserNotifications.framework; sourceTree = SDKROOT; };
		01177A6926B98053009DF721 /* UserNotificationsUI.framework */ = {isa = PBXFileReference; lastKnownFileType = wrapper.framework; name = UserNotificationsUI.framework; path = System/Library/Frameworks/UserNotificationsUI.framework; sourceTree = SDKROOT; };
		017A877A26BC1F8E00971C01 /* GoogleService-Info.plist */ = {isa = PBXFileReference; fileEncoding = 4; lastKnownFileType = text.plist.xml; path = "GoogleService-Info.plist"; sourceTree = "<group>"; };
		01C934FA26BC519D00FFE250 /* LoadingViewController.swift */ = {isa = PBXFileReference; lastKnownFileType = sourcecode.swift; path = LoadingViewController.swift; sourceTree = "<group>"; };
		01C9352726BCD5C900FFE250 /* Constants.swift */ = {isa = PBXFileReference; lastKnownFileType = sourcecode.swift; path = Constants.swift; sourceTree = "<group>"; };
		01C9352C26BDA92E00FFE250 /* CustomTableViewCell.xib */ = {isa = PBXFileReference; lastKnownFileType = file.xib; path = CustomTableViewCell.xib; sourceTree = "<group>"; };
		01C9352F26BDBE0300FFE250 /* CustomTableViewCell.swift */ = {isa = PBXFileReference; lastKnownFileType = sourcecode.swift; path = CustomTableViewCell.swift; sourceTree = "<group>"; };
		01DFD9C326AEFF3C00D905A1 /* SnipProject.app */ = {isa = PBXFileReference; explicitFileType = wrapper.application; includeInIndex = 0; path = SnipProject.app; sourceTree = BUILT_PRODUCTS_DIR; };
		01DFD9C626AEFF3C00D905A1 /* AppDelegate.swift */ = {isa = PBXFileReference; lastKnownFileType = sourcecode.swift; path = AppDelegate.swift; sourceTree = "<group>"; };
		01DFD9C826AEFF3C00D905A1 /* SceneDelegate.swift */ = {isa = PBXFileReference; lastKnownFileType = sourcecode.swift; path = SceneDelegate.swift; sourceTree = "<group>"; };
		01DFD9CA26AEFF3C00D905A1 /* LoginSignupViewController.swift */ = {isa = PBXFileReference; lastKnownFileType = sourcecode.swift; path = LoginSignupViewController.swift; sourceTree = "<group>"; };
		01DFD9CD26AEFF3C00D905A1 /* Base */ = {isa = PBXFileReference; lastKnownFileType = file.storyboard; name = Base; path = Base.lproj/Main.storyboard; sourceTree = "<group>"; };
		01DFD9CF26AEFF4100D905A1 /* Assets.xcassets */ = {isa = PBXFileReference; lastKnownFileType = folder.assetcatalog; path = Assets.xcassets; sourceTree = "<group>"; };
		01DFD9D226AEFF4100D905A1 /* Base */ = {isa = PBXFileReference; lastKnownFileType = file.storyboard; name = Base; path = Base.lproj/LaunchScreen.storyboard; sourceTree = "<group>"; };
		01DFD9D426AEFF4100D905A1 /* Info.plist */ = {isa = PBXFileReference; lastKnownFileType = text.plist.xml; path = Info.plist; sourceTree = "<group>"; };
		01DFDA5C26AF961700D905A1 /* LoginSignUpViewControllerTest.swift */ = {isa = PBXFileReference; lastKnownFileType = sourcecode.swift; path = LoginSignUpViewControllerTest.swift; sourceTree = "<group>"; };
		01DFDA5E26AFA3A500D905A1 /* LoginViewControllerTests.swift */ = {isa = PBXFileReference; lastKnownFileType = sourcecode.swift; path = LoginViewControllerTests.swift; sourceTree = "<group>"; };
		01DFDA6026AFA4A000D905A1 /* LoginViewController.swift */ = {isa = PBXFileReference; lastKnownFileType = sourcecode.swift; path = LoginViewController.swift; sourceTree = "<group>"; };
		01DFDAA026B0AE5700D905A1 /* SignUpViewController.swift */ = {isa = PBXFileReference; lastKnownFileType = sourcecode.swift; path = SignUpViewController.swift; sourceTree = "<group>"; };
		01DFDAA226B0B6A400D905A1 /* GenderViewController.swift */ = {isa = PBXFileReference; lastKnownFileType = sourcecode.swift; path = GenderViewController.swift; sourceTree = "<group>"; };
		01DFDAB426B2370300D905A1 /* SnipProjectTests.xctest */ = {isa = PBXFileReference; explicitFileType = wrapper.cfbundle; includeInIndex = 0; path = SnipProjectTests.xctest; sourceTree = BUILT_PRODUCTS_DIR; };
		01DFDAB626B2370300D905A1 /* UserModelTest.swift */ = {isa = PBXFileReference; lastKnownFileType = sourcecode.swift; path = UserModelTest.swift; sourceTree = "<group>"; };
		01DFDAB826B2370300D905A1 /* Info.plist */ = {isa = PBXFileReference; lastKnownFileType = text.plist.xml; path = Info.plist; sourceTree = "<group>"; };
		01DFDABE26B2D8A600D905A1 /* UserModel.swift */ = {isa = PBXFileReference; lastKnownFileType = sourcecode.swift; path = UserModel.swift; sourceTree = "<group>"; };
		01DFDAC026B2DB8900D905A1 /* UserViewModel.swift */ = {isa = PBXFileReference; lastKnownFileType = sourcecode.swift; path = UserViewModel.swift; sourceTree = "<group>"; };
		01E2B34026B32A4200C7A504 /* UserViewModelTests.swift */ = {isa = PBXFileReference; lastKnownFileType = sourcecode.swift; path = UserViewModelTests.swift; sourceTree = "<group>"; };
		01E2B34226B3479A00C7A504 /* SnipProject.entitlements */ = {isa = PBXFileReference; lastKnownFileType = text.plist.entitlements; path = SnipProject.entitlements; sourceTree = "<group>"; };
		01E2B34326B352EA00C7A504 /* Screen Shot 2021-06-25 at 3.03.07 PM.png */ = {isa = PBXFileReference; lastKnownFileType = image.png; name = "Screen Shot 2021-06-25 at 3.03.07 PM.png"; path = "SupportedFiles/Assets.xcassets/SnipLogo.imageset/Screen Shot 2021-06-25 at 3.03.07 PM.png"; sourceTree = "<group>"; };
		01E2B34526B3909C00C7A504 /* TabBarController.swift */ = {isa = PBXFileReference; lastKnownFileType = sourcecode.swift; path = TabBarController.swift; sourceTree = "<group>"; };
		01E2B34826B3913D00C7A504 /* HomeViewController.swift */ = {isa = PBXFileReference; lastKnownFileType = sourcecode.swift; path = HomeViewController.swift; sourceTree = "<group>"; };
		01E2B34A26B3915900C7A504 /* ExplorerViewController.swift */ = {isa = PBXFileReference; lastKnownFileType = sourcecode.swift; path = ExplorerViewController.swift; sourceTree = "<group>"; };
		01E2B34C26B3917900C7A504 /* ShareViewController.swift */ = {isa = PBXFileReference; lastKnownFileType = sourcecode.swift; path = ShareViewController.swift; sourceTree = "<group>"; };
		01E2B34E26B3918600C7A504 /* SavedViewController.swift */ = {isa = PBXFileReference; lastKnownFileType = sourcecode.swift; path = SavedViewController.swift; sourceTree = "<group>"; };
		01E2B35026B391A100C7A504 /* ProfileViewController.swift */ = {isa = PBXFileReference; lastKnownFileType = sourcecode.swift; path = ProfileViewController.swift; sourceTree = "<group>"; };
		01E2B35226B4969700C7A504 /* DIYPickerViewController.swift */ = {isa = PBXFileReference; lastKnownFileType = sourcecode.swift; path = DIYPickerViewController.swift; sourceTree = "<group>"; };
		01E2B35426B496B500C7A504 /* ExperienceViewController.swift */ = {isa = PBXFileReference; lastKnownFileType = sourcecode.swift; path = ExperienceViewController.swift; sourceTree = "<group>"; };
		01E2B3AD26B8875800C7A504 /* Notification.swift */ = {isa = PBXFileReference; lastKnownFileType = sourcecode.swift; path = Notification.swift; sourceTree = "<group>"; };
		01ECCE4D26B992360052470F /* NotificationContent.appex */ = {isa = PBXFileReference; explicitFileType = "wrapper.app-extension"; includeInIndex = 0; path = NotificationContent.appex; sourceTree = BUILT_PRODUCTS_DIR; };
		01ECCE5126B992360052470F /* NotificationViewController.swift */ = {isa = PBXFileReference; lastKnownFileType = sourcecode.swift; path = NotificationViewController.swift; sourceTree = "<group>"; };
		01ECCE5426B992360052470F /* Base */ = {isa = PBXFileReference; lastKnownFileType = file.storyboard; name = Base; path = Base.lproj/MainInterface.storyboard; sourceTree = "<group>"; };
		01ECCE5626B992360052470F /* Info.plist */ = {isa = PBXFileReference; lastKnownFileType = text.plist.xml; path = Info.plist; sourceTree = "<group>"; };
		01ECCE6126B992530052470F /* NotificationService.appex */ = {isa = PBXFileReference; explicitFileType = "wrapper.app-extension"; includeInIndex = 0; path = NotificationService.appex; sourceTree = BUILT_PRODUCTS_DIR; };
		01ECCE6326B992530052470F /* NotificationService.swift */ = {isa = PBXFileReference; lastKnownFileType = sourcecode.swift; path = NotificationService.swift; sourceTree = "<group>"; };
		01ECCE6526B992530052470F /* Info.plist */ = {isa = PBXFileReference; lastKnownFileType = text.plist.xml; path = Info.plist; sourceTree = "<group>"; };
		1E93AE497AC2CD9F575D2EC5 /* Pods-NotificationContent.release.xcconfig */ = {isa = PBXFileReference; includeInIndex = 1; lastKnownFileType = text.xcconfig; name = "Pods-NotificationContent.release.xcconfig"; path = "Target Support Files/Pods-NotificationContent/Pods-NotificationContent.release.xcconfig"; sourceTree = "<group>"; };
		2C1C56A9F279F0A3BD0DC795 /* Pods-SnipProjectTests.release.xcconfig */ = {isa = PBXFileReference; includeInIndex = 1; lastKnownFileType = text.xcconfig; name = "Pods-SnipProjectTests.release.xcconfig"; path = "Target Support Files/Pods-SnipProjectTests/Pods-SnipProjectTests.release.xcconfig"; sourceTree = "<group>"; };
		2E947237B241836DC2436496 /* Pods-SnipProject.release.xcconfig */ = {isa = PBXFileReference; includeInIndex = 1; lastKnownFileType = text.xcconfig; name = "Pods-SnipProject.release.xcconfig"; path = "Target Support Files/Pods-SnipProject/Pods-SnipProject.release.xcconfig"; sourceTree = "<group>"; };
		3F60489BD03889E896E0AD6A /* Pods_NotificationContent.framework */ = {isa = PBXFileReference; explicitFileType = wrapper.framework; includeInIndex = 0; path = Pods_NotificationContent.framework; sourceTree = BUILT_PRODUCTS_DIR; };
		59599A70E036B6E007A01B33 /* Pods-NotificationService.debug.xcconfig */ = {isa = PBXFileReference; includeInIndex = 1; lastKnownFileType = text.xcconfig; name = "Pods-NotificationService.debug.xcconfig"; path = "Target Support Files/Pods-NotificationService/Pods-NotificationService.debug.xcconfig"; sourceTree = "<group>"; };
		6FF0409EFCE997E5C0290836 /* Pods-SnipProject.debug.xcconfig */ = {isa = PBXFileReference; includeInIndex = 1; lastKnownFileType = text.xcconfig; name = "Pods-SnipProject.debug.xcconfig"; path = "Target Support Files/Pods-SnipProject/Pods-SnipProject.debug.xcconfig"; sourceTree = "<group>"; };
		8D2F29C565D2302470C7E299 /* Pods_SnipProjectTests.framework */ = {isa = PBXFileReference; explicitFileType = wrapper.framework; includeInIndex = 0; path = Pods_SnipProjectTests.framework; sourceTree = BUILT_PRODUCTS_DIR; };
		C5FE3A2C10D4A3D5C372287E /* Pods_NotificationService.framework */ = {isa = PBXFileReference; explicitFileType = wrapper.framework; includeInIndex = 0; path = Pods_NotificationService.framework; sourceTree = BUILT_PRODUCTS_DIR; };
		DF2C182E9226CF0F52C7E073 /* Pods-SnipProjectTests.debug.xcconfig */ = {isa = PBXFileReference; includeInIndex = 1; lastKnownFileType = text.xcconfig; name = "Pods-SnipProjectTests.debug.xcconfig"; path = "Target Support Files/Pods-SnipProjectTests/Pods-SnipProjectTests.debug.xcconfig"; sourceTree = "<group>"; };
		FE14042E8D81EBADE559D004 /* Pods-NotificationContent.debug.xcconfig */ = {isa = PBXFileReference; includeInIndex = 1; lastKnownFileType = text.xcconfig; name = "Pods-NotificationContent.debug.xcconfig"; path = "Target Support Files/Pods-NotificationContent/Pods-NotificationContent.debug.xcconfig"; sourceTree = "<group>"; };
/* End PBXFileReference section */

/* Begin PBXFrameworksBuildPhase section */
		01DFD9C026AEFF3C00D905A1 /* Frameworks */ = {
			isa = PBXFrameworksBuildPhase;
			buildActionMask = 2147483647;
			files = (
				59D27C31ABFA96970642B581 /* Pods_SnipProject.framework in Frameworks */,
			);
			runOnlyForDeploymentPostprocessing = 0;
		};
		01DFDAB126B2370300D905A1 /* Frameworks */ = {
			isa = PBXFrameworksBuildPhase;
			buildActionMask = 2147483647;
			files = (
				A210BD410D508A26FD373FC0 /* Pods_SnipProjectTests.framework in Frameworks */,
			);
			runOnlyForDeploymentPostprocessing = 0;
		};
		01ECCE4A26B992360052470F /* Frameworks */ = {
			isa = PBXFrameworksBuildPhase;
			buildActionMask = 2147483647;
			files = (
				01ECCE4F26B992360052470F /* UserNotificationsUI.framework in Frameworks */,
				01ECCE4E26B992360052470F /* UserNotifications.framework in Frameworks */,
				F570990573D07213B0E1C0A4 /* Pods_NotificationContent.framework in Frameworks */,
			);
			runOnlyForDeploymentPostprocessing = 0;
		};
		01ECCE5E26B992530052470F /* Frameworks */ = {
			isa = PBXFrameworksBuildPhase;
			buildActionMask = 2147483647;
			files = (
				80C049A4EFAA3B729490F07C /* Pods_NotificationService.framework in Frameworks */,
			);
			runOnlyForDeploymentPostprocessing = 0;
		};
/* End PBXFrameworksBuildPhase section */

/* Begin PBXGroup section */
		01177A6626B98053009DF721 /* Frameworks */ = {
			isa = PBXGroup;
			children = (
				01177A6726B98053009DF721 /* UserNotifications.framework */,
				01177A6926B98053009DF721 /* UserNotificationsUI.framework */,
				3F60489BD03889E896E0AD6A /* Pods_NotificationContent.framework */,
				C5FE3A2C10D4A3D5C372287E /* Pods_NotificationService.framework */,
				00D7568B45D6F915ECC9A911 /* Pods_SnipProject.framework */,
				8D2F29C565D2302470C7E299 /* Pods_SnipProjectTests.framework */,
			);
			name = Frameworks;
			sourceTree = "<group>";
		};
		01C9352926BDA82C00FFE250 /* XIB */ = {
			isa = PBXGroup;
			children = (
				01C9352C26BDA92E00FFE250 /* CustomTableViewCell.xib */,
			);
			path = XIB;
			sourceTree = "<group>";
		};
		01C9352E26BDBDCB00FFE250 /* CustomViews */ = {
			isa = PBXGroup;
			children = (
				01C9352F26BDBE0300FFE250 /* CustomTableViewCell.swift */,
			);
			path = CustomViews;
			sourceTree = "<group>";
		};
		01DFD9BA26AEFF3C00D905A1 = {
			isa = PBXGroup;
			children = (
				01DFD9C526AEFF3C00D905A1 /* SnipProject */,
				01DFDAB526B2370300D905A1 /* SnipProjectTests */,
				01ECCE5026B992360052470F /* NotificationContent */,
				01ECCE6226B992530052470F /* NotificationService */,
				01177A6626B98053009DF721 /* Frameworks */,
				01DFD9C426AEFF3C00D905A1 /* Products */,
				6E11EE7BAA1310DCAFF47227 /* Pods */,
			);
			sourceTree = "<group>";
		};
		01DFD9C426AEFF3C00D905A1 /* Products */ = {
			isa = PBXGroup;
			children = (
				01DFD9C326AEFF3C00D905A1 /* SnipProject.app */,
				01DFDAB426B2370300D905A1 /* SnipProjectTests.xctest */,
				01ECCE4D26B992360052470F /* NotificationContent.appex */,
				01ECCE6126B992530052470F /* NotificationService.appex */,
			);
			name = Products;
			sourceTree = "<group>";
		};
		01DFD9C526AEFF3C00D905A1 /* SnipProject */ = {
			isa = PBXGroup;
			children = (
				01E2B3AC26B8872700C7A504 /* Notification */,
				01E2B34226B3479A00C7A504 /* SnipProject.entitlements */,
				01DFD9D426AEFF4100D905A1 /* Info.plist */,
				01E2B34326B352EA00C7A504 /* Screen Shot 2021-06-25 at 3.03.07 PM.png */,
				017A877A26BC1F8E00971C01 /* GoogleService-Info.plist */,
				01DFD9FC26AF036B00D905A1 /* APIManager */,
				01DFD9F926AF010B00D905A1 /* SupportedFiles */,
				01DFD9F826AF00FC00D905A1 /* Views */,
				01DFD9F726AF00F300D905A1 /* ViewModels */,
				01DFD9F626AF00E900D905A1 /* Models */,
			);
			path = SnipProject;
			sourceTree = "<group>";
		};
		01DFD9F626AF00E900D905A1 /* Models */ = {
			isa = PBXGroup;
			children = (
				01DFDABE26B2D8A600D905A1 /* UserModel.swift */,
			);
			path = Models;
			sourceTree = "<group>";
		};
		01DFD9F726AF00F300D905A1 /* ViewModels */ = {
			isa = PBXGroup;
			children = (
				01DFDAC026B2DB8900D905A1 /* UserViewModel.swift */,
			);
			path = ViewModels;
			sourceTree = "<group>";
		};
		01DFD9F826AF00FC00D905A1 /* Views */ = {
			isa = PBXGroup;
			children = (
				01C9352E26BDBDCB00FFE250 /* CustomViews */,
				01C9352926BDA82C00FFE250 /* XIB */,
				01DFD9FB26AF014000D905A1 /* Storyboard */,
				01DFD9FA26AF013800D905A1 /* Controllers */,
			);
			path = Views;
			sourceTree = "<group>";
		};
		01DFD9F926AF010B00D905A1 /* SupportedFiles */ = {
			isa = PBXGroup;
			children = (
				01DFD9CF26AEFF4100D905A1 /* Assets.xcassets */,
				01DFD9C626AEFF3C00D905A1 /* AppDelegate.swift */,
				01DFD9C826AEFF3C00D905A1 /* SceneDelegate.swift */,
				01C9352726BCD5C900FFE250 /* Constants.swift */,
			);
			path = SupportedFiles;
			sourceTree = "<group>";
		};
		01DFD9FA26AF013800D905A1 /* Controllers */ = {
			isa = PBXGroup;
			children = (
				01E2B34726B3911200C7A504 /* TabBarControllers */,
				01DFD9CA26AEFF3C00D905A1 /* LoginSignupViewController.swift */,
				01DFDA6026AFA4A000D905A1 /* LoginViewController.swift */,
				01DFDAA026B0AE5700D905A1 /* SignUpViewController.swift */,
				01DFDAA226B0B6A400D905A1 /* GenderViewController.swift */,
				01E2B35226B4969700C7A504 /* DIYPickerViewController.swift */,
				01E2B35426B496B500C7A504 /* ExperienceViewController.swift */,
				01C934FA26BC519D00FFE250 /* LoadingViewController.swift */,
			);
			path = Controllers;
			sourceTree = "<group>";
		};
		01DFD9FB26AF014000D905A1 /* Storyboard */ = {
			isa = PBXGroup;
			children = (
				01DFD9CC26AEFF3C00D905A1 /* Main.storyboard */,
				01DFD9D126AEFF4100D905A1 /* LaunchScreen.storyboard */,
			);
			path = Storyboard;
			sourceTree = "<group>";
		};
		01DFD9FC26AF036B00D905A1 /* APIManager */ = {
			isa = PBXGroup;
			children = (
			);
			path = APIManager;
			sourceTree = "<group>";
		};
		01DFDAB526B2370300D905A1 /* SnipProjectTests */ = {
			isa = PBXGroup;
			children = (
				01DFDAB626B2370300D905A1 /* UserModelTest.swift */,
				01DFDA5E26AFA3A500D905A1 /* LoginViewControllerTests.swift */,
				01DFDA5C26AF961700D905A1 /* LoginSignUpViewControllerTest.swift */,
				01DFDAB826B2370300D905A1 /* Info.plist */,
				01E2B34026B32A4200C7A504 /* UserViewModelTests.swift */,
			);
			path = SnipProjectTests;
			sourceTree = "<group>";
		};
		01E2B34726B3911200C7A504 /* TabBarControllers */ = {
			isa = PBXGroup;
			children = (
				01E2B34526B3909C00C7A504 /* TabBarController.swift */,
				01E2B34826B3913D00C7A504 /* HomeViewController.swift */,
				01E2B34A26B3915900C7A504 /* ExplorerViewController.swift */,
				01E2B34C26B3917900C7A504 /* ShareViewController.swift */,
				01E2B34E26B3918600C7A504 /* SavedViewController.swift */,
				01E2B35026B391A100C7A504 /* ProfileViewController.swift */,
			);
			path = TabBarControllers;
			sourceTree = "<group>";
		};
		01E2B3AC26B8872700C7A504 /* Notification */ = {
			isa = PBXGroup;
			children = (
				01E2B3AD26B8875800C7A504 /* Notification.swift */,
			);
			path = Notification;
			sourceTree = "<group>";
		};
		01ECCE5026B992360052470F /* NotificationContent */ = {
			isa = PBXGroup;
			children = (
				01ECCE5126B992360052470F /* NotificationViewController.swift */,
				01ECCE5326B992360052470F /* MainInterface.storyboard */,
				01ECCE5626B992360052470F /* Info.plist */,
			);
			path = NotificationContent;
			sourceTree = "<group>";
		};
		01ECCE6226B992530052470F /* NotificationService */ = {
			isa = PBXGroup;
			children = (
				01ECCE6326B992530052470F /* NotificationService.swift */,
				01ECCE6526B992530052470F /* Info.plist */,
			);
			path = NotificationService;
			sourceTree = "<group>";
		};
		6E11EE7BAA1310DCAFF47227 /* Pods */ = {
			isa = PBXGroup;
			children = (
				FE14042E8D81EBADE559D004 /* Pods-NotificationContent.debug.xcconfig */,
				1E93AE497AC2CD9F575D2EC5 /* Pods-NotificationContent.release.xcconfig */,
				59599A70E036B6E007A01B33 /* Pods-NotificationService.debug.xcconfig */,
				009DDF58BF9330E54FBD8E4F /* Pods-NotificationService.release.xcconfig */,
				6FF0409EFCE997E5C0290836 /* Pods-SnipProject.debug.xcconfig */,
				2E947237B241836DC2436496 /* Pods-SnipProject.release.xcconfig */,
				DF2C182E9226CF0F52C7E073 /* Pods-SnipProjectTests.debug.xcconfig */,
				2C1C56A9F279F0A3BD0DC795 /* Pods-SnipProjectTests.release.xcconfig */,
			);
			path = Pods;
			sourceTree = "<group>";
		};
/* End PBXGroup section */

/* Begin PBXNativeTarget section */
		01DFD9C226AEFF3C00D905A1 /* SnipProject */ = {
			isa = PBXNativeTarget;
			buildConfigurationList = 01DFD9ED26AEFF4200D905A1 /* Build configuration list for PBXNativeTarget "SnipProject" */;
			buildPhases = (
				5422BD69B554BBBE26AE476F /* [CP] Check Pods Manifest.lock */,
				01DFD9BF26AEFF3C00D905A1 /* Sources */,
				01DFD9C026AEFF3C00D905A1 /* Frameworks */,
				01DFD9C126AEFF3C00D905A1 /* Resources */,
				01177A4126B8E187009DF721 /* Embed App Extensions */,
				F47F21E410A11B21D05671D5 /* [CP] Embed Pods Frameworks */,
			);
			buildRules = (
			);
			dependencies = (
				01ECCE5826B992360052470F /* PBXTargetDependency */,
				01ECCE6726B992530052470F /* PBXTargetDependency */,
			);
			name = SnipProject;
			productName = SnipProject;
			productReference = 01DFD9C326AEFF3C00D905A1 /* SnipProject.app */;
			productType = "com.apple.product-type.application";
		};
		01DFDAB326B2370300D905A1 /* SnipProjectTests */ = {
			isa = PBXNativeTarget;
			buildConfigurationList = 01DFDABB26B2370300D905A1 /* Build configuration list for PBXNativeTarget "SnipProjectTests" */;
			buildPhases = (
				CB6091EACC99DB229658EC25 /* [CP] Check Pods Manifest.lock */,
				01DFDAB026B2370300D905A1 /* Sources */,
				01DFDAB126B2370300D905A1 /* Frameworks */,
				01DFDAB226B2370300D905A1 /* Resources */,
			);
			buildRules = (
			);
			dependencies = (
				01DFDABA26B2370300D905A1 /* PBXTargetDependency */,
			);
			name = SnipProjectTests;
			productName = SnipProjectTests;
			productReference = 01DFDAB426B2370300D905A1 /* SnipProjectTests.xctest */;
			productType = "com.apple.product-type.bundle.unit-test";
		};
		01ECCE4C26B992360052470F /* NotificationContent */ = {
			isa = PBXNativeTarget;
			buildConfigurationList = 01ECCE5C26B992360052470F /* Build configuration list for PBXNativeTarget "NotificationContent" */;
			buildPhases = (
				2F2B5F121C5FF295246101B0 /* [CP] Check Pods Manifest.lock */,
				01ECCE4926B992360052470F /* Sources */,
				01ECCE4A26B992360052470F /* Frameworks */,
				01ECCE4B26B992360052470F /* Resources */,
			);
			buildRules = (
			);
			dependencies = (
			);
			name = NotificationContent;
			productName = NotificationContent;
			productReference = 01ECCE4D26B992360052470F /* NotificationContent.appex */;
			productType = "com.apple.product-type.app-extension";
		};
		01ECCE6026B992530052470F /* NotificationService */ = {
			isa = PBXNativeTarget;
			buildConfigurationList = 01ECCE6926B992530052470F /* Build configuration list for PBXNativeTarget "NotificationService" */;
			buildPhases = (
				AEED79BD7BD40368FA48BD7A /* [CP] Check Pods Manifest.lock */,
				01ECCE5D26B992530052470F /* Sources */,
				01ECCE5E26B992530052470F /* Frameworks */,
				01ECCE5F26B992530052470F /* Resources */,
			);
			buildRules = (
			);
			dependencies = (
			);
			name = NotificationService;
			productName = NotificationService;
			productReference = 01ECCE6126B992530052470F /* NotificationService.appex */;
			productType = "com.apple.product-type.app-extension";
		};
/* End PBXNativeTarget section */

/* Begin PBXProject section */
		01DFD9BB26AEFF3C00D905A1 /* Project object */ = {
			isa = PBXProject;
			attributes = {
				LastSwiftUpdateCheck = 1250;
				LastUpgradeCheck = 1250;
				TargetAttributes = {
					01DFD9C226AEFF3C00D905A1 = {
						CreatedOnToolsVersion = 12.5;
					};
					01DFDAB326B2370300D905A1 = {
						CreatedOnToolsVersion = 12.5;
						TestTargetID = 01DFD9C226AEFF3C00D905A1;
					};
					01ECCE4C26B992360052470F = {
						CreatedOnToolsVersion = 12.5;
					};
					01ECCE6026B992530052470F = {
						CreatedOnToolsVersion = 12.5;
					};
				};
			};
			buildConfigurationList = 01DFD9BE26AEFF3C00D905A1 /* Build configuration list for PBXProject "SnipProject" */;
			compatibilityVersion = "Xcode 9.3";
			developmentRegion = en;
			hasScannedForEncodings = 0;
			knownRegions = (
				en,
				Base,
			);
			mainGroup = 01DFD9BA26AEFF3C00D905A1;
			productRefGroup = 01DFD9C426AEFF3C00D905A1 /* Products */;
			projectDirPath = "";
			projectRoot = "";
			targets = (
				01DFD9C226AEFF3C00D905A1 /* SnipProject */,
				01DFDAB326B2370300D905A1 /* SnipProjectTests */,
				01ECCE4C26B992360052470F /* NotificationContent */,
				01ECCE6026B992530052470F /* NotificationService */,
			);
		};
/* End PBXProject section */

/* Begin PBXResourcesBuildPhase section */
		01DFD9C126AEFF3C00D905A1 /* Resources */ = {
			isa = PBXResourcesBuildPhase;
			buildActionMask = 2147483647;
			files = (
				01E2B34426B352EB00C7A504 /* Screen Shot 2021-06-25 at 3.03.07 PM.png in Resources */,
				01DFD9D326AEFF4100D905A1 /* LaunchScreen.storyboard in Resources */,
				01C9352D26BDA92E00FFE250 /* CustomTableViewCell.xib in Resources */,
				01DFD9D026AEFF4100D905A1 /* Assets.xcassets in Resources */,
				01DFD9CE26AEFF3C00D905A1 /* Main.storyboard in Resources */,
				017A877B26BC1F8E00971C01 /* GoogleService-Info.plist in Resources */,
			);
			runOnlyForDeploymentPostprocessing = 0;
		};
		01DFDAB226B2370300D905A1 /* Resources */ = {
			isa = PBXResourcesBuildPhase;
			buildActionMask = 2147483647;
			files = (
				017A877C26BC1F8E00971C01 /* GoogleService-Info.plist in Resources */,
			);
			runOnlyForDeploymentPostprocessing = 0;
		};
		01ECCE4B26B992360052470F /* Resources */ = {
			isa = PBXResourcesBuildPhase;
			buildActionMask = 2147483647;
			files = (
				01ECCE5526B992360052470F /* MainInterface.storyboard in Resources */,
				017A877D26BC1F8F00971C01 /* GoogleService-Info.plist in Resources */,
			);
			runOnlyForDeploymentPostprocessing = 0;
		};
		01ECCE5F26B992530052470F /* Resources */ = {
			isa = PBXResourcesBuildPhase;
			buildActionMask = 2147483647;
			files = (
				017A877E26BC1F8F00971C01 /* GoogleService-Info.plist in Resources */,
			);
			runOnlyForDeploymentPostprocessing = 0;
		};
/* End PBXResourcesBuildPhase section */

/* Begin PBXShellScriptBuildPhase section */
		2F2B5F121C5FF295246101B0 /* [CP] Check Pods Manifest.lock */ = {
			isa = PBXShellScriptBuildPhase;
			buildActionMask = 2147483647;
			files = (
			);
			inputFileListPaths = (
			);
			inputPaths = (
				"${PODS_PODFILE_DIR_PATH}/Podfile.lock",
				"${PODS_ROOT}/Manifest.lock",
			);
			name = "[CP] Check Pods Manifest.lock";
			outputFileListPaths = (
			);
			outputPaths = (
				"$(DERIVED_FILE_DIR)/Pods-NotificationContent-checkManifestLockResult.txt",
			);
			runOnlyForDeploymentPostprocessing = 0;
			shellPath = /bin/sh;
			shellScript = "diff \"${PODS_PODFILE_DIR_PATH}/Podfile.lock\" \"${PODS_ROOT}/Manifest.lock\" > /dev/null\nif [ $? != 0 ] ; then\n    # print error to STDERR\n    echo \"error: The sandbox is not in sync with the Podfile.lock. Run 'pod install' or update your CocoaPods installation.\" >&2\n    exit 1\nfi\n# This output is used by Xcode 'outputs' to avoid re-running this script phase.\necho \"SUCCESS\" > \"${SCRIPT_OUTPUT_FILE_0}\"\n";
			showEnvVarsInLog = 0;
		};
		5422BD69B554BBBE26AE476F /* [CP] Check Pods Manifest.lock */ = {
			isa = PBXShellScriptBuildPhase;
			buildActionMask = 2147483647;
			files = (
			);
			inputFileListPaths = (
			);
			inputPaths = (
				"${PODS_PODFILE_DIR_PATH}/Podfile.lock",
				"${PODS_ROOT}/Manifest.lock",
			);
			name = "[CP] Check Pods Manifest.lock";
			outputFileListPaths = (
			);
			outputPaths = (
				"$(DERIVED_FILE_DIR)/Pods-SnipProject-checkManifestLockResult.txt",
			);
			runOnlyForDeploymentPostprocessing = 0;
			shellPath = /bin/sh;
			shellScript = "diff \"${PODS_PODFILE_DIR_PATH}/Podfile.lock\" \"${PODS_ROOT}/Manifest.lock\" > /dev/null\nif [ $? != 0 ] ; then\n    # print error to STDERR\n    echo \"error: The sandbox is not in sync with the Podfile.lock. Run 'pod install' or update your CocoaPods installation.\" >&2\n    exit 1\nfi\n# This output is used by Xcode 'outputs' to avoid re-running this script phase.\necho \"SUCCESS\" > \"${SCRIPT_OUTPUT_FILE_0}\"\n";
			showEnvVarsInLog = 0;
		};
		AEED79BD7BD40368FA48BD7A /* [CP] Check Pods Manifest.lock */ = {
			isa = PBXShellScriptBuildPhase;
			buildActionMask = 2147483647;
			files = (
			);
			inputFileListPaths = (
			);
			inputPaths = (
				"${PODS_PODFILE_DIR_PATH}/Podfile.lock",
				"${PODS_ROOT}/Manifest.lock",
			);
			name = "[CP] Check Pods Manifest.lock";
			outputFileListPaths = (
			);
			outputPaths = (
				"$(DERIVED_FILE_DIR)/Pods-NotificationService-checkManifestLockResult.txt",
			);
			runOnlyForDeploymentPostprocessing = 0;
			shellPath = /bin/sh;
			shellScript = "diff \"${PODS_PODFILE_DIR_PATH}/Podfile.lock\" \"${PODS_ROOT}/Manifest.lock\" > /dev/null\nif [ $? != 0 ] ; then\n    # print error to STDERR\n    echo \"error: The sandbox is not in sync with the Podfile.lock. Run 'pod install' or update your CocoaPods installation.\" >&2\n    exit 1\nfi\n# This output is used by Xcode 'outputs' to avoid re-running this script phase.\necho \"SUCCESS\" > \"${SCRIPT_OUTPUT_FILE_0}\"\n";
			showEnvVarsInLog = 0;
		};
		CB6091EACC99DB229658EC25 /* [CP] Check Pods Manifest.lock */ = {
			isa = PBXShellScriptBuildPhase;
			buildActionMask = 2147483647;
			files = (
			);
			inputFileListPaths = (
			);
			inputPaths = (
				"${PODS_PODFILE_DIR_PATH}/Podfile.lock",
				"${PODS_ROOT}/Manifest.lock",
			);
			name = "[CP] Check Pods Manifest.lock";
			outputFileListPaths = (
			);
			outputPaths = (
				"$(DERIVED_FILE_DIR)/Pods-SnipProjectTests-checkManifestLockResult.txt",
			);
			runOnlyForDeploymentPostprocessing = 0;
			shellPath = /bin/sh;
			shellScript = "diff \"${PODS_PODFILE_DIR_PATH}/Podfile.lock\" \"${PODS_ROOT}/Manifest.lock\" > /dev/null\nif [ $? != 0 ] ; then\n    # print error to STDERR\n    echo \"error: The sandbox is not in sync with the Podfile.lock. Run 'pod install' or update your CocoaPods installation.\" >&2\n    exit 1\nfi\n# This output is used by Xcode 'outputs' to avoid re-running this script phase.\necho \"SUCCESS\" > \"${SCRIPT_OUTPUT_FILE_0}\"\n";
			showEnvVarsInLog = 0;
		};
		F47F21E410A11B21D05671D5 /* [CP] Embed Pods Frameworks */ = {
			isa = PBXShellScriptBuildPhase;
			buildActionMask = 2147483647;
			files = (
			);
			inputFileListPaths = (
				"${PODS_ROOT}/Target Support Files/Pods-SnipProject/Pods-SnipProject-frameworks-${CONFIGURATION}-input-files.xcfilelist",
			);
			name = "[CP] Embed Pods Frameworks";
			outputFileListPaths = (
				"${PODS_ROOT}/Target Support Files/Pods-SnipProject/Pods-SnipProject-frameworks-${CONFIGURATION}-output-files.xcfilelist",
			);
			runOnlyForDeploymentPostprocessing = 0;
			shellPath = /bin/sh;
			shellScript = "\"${PODS_ROOT}/Target Support Files/Pods-SnipProject/Pods-SnipProject-frameworks.sh\"\n";
			showEnvVarsInLog = 0;
		};
/* End PBXShellScriptBuildPhase section */

/* Begin PBXSourcesBuildPhase section */
		01DFD9BF26AEFF3C00D905A1 /* Sources */ = {
			isa = PBXSourcesBuildPhase;
			buildActionMask = 2147483647;
			files = (
				01E2B35526B496B600C7A504 /* ExperienceViewController.swift in Sources */,
				01DFDA6126AFA4A000D905A1 /* LoginViewController.swift in Sources */,
				01DFDAC126B2DB8900D905A1 /* UserViewModel.swift in Sources */,
				01DFD9CB26AEFF3C00D905A1 /* LoginSignupViewController.swift in Sources */,
				01DFD9C726AEFF3C00D905A1 /* AppDelegate.swift in Sources */,
				01C934FB26BC519D00FFE250 /* LoadingViewController.swift in Sources */,
				01C9353026BDBE0300FFE250 /* CustomTableViewCell.swift in Sources */,
				01E2B35126B391A100C7A504 /* ProfileViewController.swift in Sources */,
				01DFDAA326B0B6A400D905A1 /* GenderViewController.swift in Sources */,
				01E2B34926B3913D00C7A504 /* HomeViewController.swift in Sources */,
				01E2B34D26B3917900C7A504 /* ShareViewController.swift in Sources */,
				01DFD9C926AEFF3C00D905A1 /* SceneDelegate.swift in Sources */,
				01DFDABF26B2D8A600D905A1 /* UserModel.swift in Sources */,
				01E2B35326B4969800C7A504 /* DIYPickerViewController.swift in Sources */,
				01E2B34B26B3915900C7A504 /* ExplorerViewController.swift in Sources */,
				01E2B34F26B3918600C7A504 /* SavedViewController.swift in Sources */,
				01E2B34626B3909C00C7A504 /* TabBarController.swift in Sources */,
				01DFDAA126B0AE5700D905A1 /* SignUpViewController.swift in Sources */,
				01C9352826BCD5C900FFE250 /* Constants.swift in Sources */,
				01E2B3AE26B8875800C7A504 /* Notification.swift in Sources */,
			);
			runOnlyForDeploymentPostprocessing = 0;
		};
		01DFDAB026B2370300D905A1 /* Sources */ = {
			isa = PBXSourcesBuildPhase;
			buildActionMask = 2147483647;
			files = (
				01E2B33E26B30E7000C7A504 /* LoginViewControllerTests.swift in Sources */,
				01E2B34126B32A4200C7A504 /* UserViewModelTests.swift in Sources */,
				01E2B33F26B30E7300C7A504 /* LoginSignUpViewControllerTest.swift in Sources */,
				01DFDAB726B2370300D905A1 /* UserModelTest.swift in Sources */,
			);
			runOnlyForDeploymentPostprocessing = 0;
		};
		01ECCE4926B992360052470F /* Sources */ = {
			isa = PBXSourcesBuildPhase;
			buildActionMask = 2147483647;
			files = (
				01ECCE5226B992360052470F /* NotificationViewController.swift in Sources */,
			);
			runOnlyForDeploymentPostprocessing = 0;
		};
		01ECCE5D26B992530052470F /* Sources */ = {
			isa = PBXSourcesBuildPhase;
			buildActionMask = 2147483647;
			files = (
				01ECCE6426B992530052470F /* NotificationService.swift in Sources */,
			);
			runOnlyForDeploymentPostprocessing = 0;
		};
/* End PBXSourcesBuildPhase section */

/* Begin PBXTargetDependency section */
		01DFDABA26B2370300D905A1 /* PBXTargetDependency */ = {
			isa = PBXTargetDependency;
			target = 01DFD9C226AEFF3C00D905A1 /* SnipProject */;
			targetProxy = 01DFDAB926B2370300D905A1 /* PBXContainerItemProxy */;
		};
		01ECCE5826B992360052470F /* PBXTargetDependency */ = {
			isa = PBXTargetDependency;
			target = 01ECCE4C26B992360052470F /* NotificationContent */;
			targetProxy = 01ECCE5726B992360052470F /* PBXContainerItemProxy */;
		};
		01ECCE6726B992530052470F /* PBXTargetDependency */ = {
			isa = PBXTargetDependency;
			target = 01ECCE6026B992530052470F /* NotificationService */;
			targetProxy = 01ECCE6626B992530052470F /* PBXContainerItemProxy */;
		};
/* End PBXTargetDependency section */

/* Begin PBXVariantGroup section */
		01DFD9CC26AEFF3C00D905A1 /* Main.storyboard */ = {
			isa = PBXVariantGroup;
			children = (
				01DFD9CD26AEFF3C00D905A1 /* Base */,
			);
			name = Main.storyboard;
			sourceTree = "<group>";
		};
		01DFD9D126AEFF4100D905A1 /* LaunchScreen.storyboard */ = {
			isa = PBXVariantGroup;
			children = (
				01DFD9D226AEFF4100D905A1 /* Base */,
			);
			name = LaunchScreen.storyboard;
			sourceTree = "<group>";
		};
		01ECCE5326B992360052470F /* MainInterface.storyboard */ = {
			isa = PBXVariantGroup;
			children = (
				01ECCE5426B992360052470F /* Base */,
			);
			name = MainInterface.storyboard;
			sourceTree = "<group>";
		};
/* End PBXVariantGroup section */

/* Begin XCBuildConfiguration section */
		01DFD9EB26AEFF4200D905A1 /* Debug */ = {
			isa = XCBuildConfiguration;
			buildSettings = {
				ALWAYS_SEARCH_USER_PATHS = NO;
				CLANG_ANALYZER_NONNULL = YES;
				CLANG_ANALYZER_NUMBER_OBJECT_CONVERSION = YES_AGGRESSIVE;
				CLANG_CXX_LANGUAGE_STANDARD = "gnu++14";
				CLANG_CXX_LIBRARY = "libc++";
				CLANG_ENABLE_MODULES = YES;
				CLANG_ENABLE_OBJC_ARC = YES;
				CLANG_ENABLE_OBJC_WEAK = YES;
				CLANG_WARN_BLOCK_CAPTURE_AUTORELEASING = YES;
				CLANG_WARN_BOOL_CONVERSION = YES;
				CLANG_WARN_COMMA = YES;
				CLANG_WARN_CONSTANT_CONVERSION = YES;
				CLANG_WARN_DEPRECATED_OBJC_IMPLEMENTATIONS = YES;
				CLANG_WARN_DIRECT_OBJC_ISA_USAGE = YES_ERROR;
				CLANG_WARN_DOCUMENTATION_COMMENTS = YES;
				CLANG_WARN_EMPTY_BODY = YES;
				CLANG_WARN_ENUM_CONVERSION = YES;
				CLANG_WARN_INFINITE_RECURSION = YES;
				CLANG_WARN_INT_CONVERSION = YES;
				CLANG_WARN_NON_LITERAL_NULL_CONVERSION = YES;
				CLANG_WARN_OBJC_IMPLICIT_RETAIN_SELF = YES;
				CLANG_WARN_OBJC_LITERAL_CONVERSION = YES;
				CLANG_WARN_OBJC_ROOT_CLASS = YES_ERROR;
				CLANG_WARN_QUOTED_INCLUDE_IN_FRAMEWORK_HEADER = YES;
				CLANG_WARN_RANGE_LOOP_ANALYSIS = YES;
				CLANG_WARN_STRICT_PROTOTYPES = YES;
				CLANG_WARN_SUSPICIOUS_MOVE = YES;
				CLANG_WARN_UNGUARDED_AVAILABILITY = YES_AGGRESSIVE;
				CLANG_WARN_UNREACHABLE_CODE = YES;
				CLANG_WARN__DUPLICATE_METHOD_MATCH = YES;
				COPY_PHASE_STRIP = NO;
				DEBUG_INFORMATION_FORMAT = dwarf;
				ENABLE_STRICT_OBJC_MSGSEND = YES;
				ENABLE_TESTABILITY = YES;
				GCC_C_LANGUAGE_STANDARD = gnu11;
				GCC_DYNAMIC_NO_PIC = NO;
				GCC_NO_COMMON_BLOCKS = YES;
				GCC_OPTIMIZATION_LEVEL = 0;
				GCC_PREPROCESSOR_DEFINITIONS = (
					"DEBUG=1",
					"$(inherited)",
				);
				GCC_WARN_64_TO_32_BIT_CONVERSION = YES;
				GCC_WARN_ABOUT_RETURN_TYPE = YES_ERROR;
				GCC_WARN_UNDECLARED_SELECTOR = YES;
				GCC_WARN_UNINITIALIZED_AUTOS = YES_AGGRESSIVE;
				GCC_WARN_UNUSED_FUNCTION = YES;
				GCC_WARN_UNUSED_VARIABLE = YES;
				IPHONEOS_DEPLOYMENT_TARGET = 14.5;
				MTL_ENABLE_DEBUG_INFO = INCLUDE_SOURCE;
				MTL_FAST_MATH = YES;
				ONLY_ACTIVE_ARCH = YES;
				SDKROOT = iphoneos;
				SWIFT_ACTIVE_COMPILATION_CONDITIONS = DEBUG;
				SWIFT_OPTIMIZATION_LEVEL = "-Onone";
			};
			name = Debug;
		};
		01DFD9EC26AEFF4200D905A1 /* Release */ = {
			isa = XCBuildConfiguration;
			buildSettings = {
				ALWAYS_SEARCH_USER_PATHS = NO;
				CLANG_ANALYZER_NONNULL = YES;
				CLANG_ANALYZER_NUMBER_OBJECT_CONVERSION = YES_AGGRESSIVE;
				CLANG_CXX_LANGUAGE_STANDARD = "gnu++14";
				CLANG_CXX_LIBRARY = "libc++";
				CLANG_ENABLE_MODULES = YES;
				CLANG_ENABLE_OBJC_ARC = YES;
				CLANG_ENABLE_OBJC_WEAK = YES;
				CLANG_WARN_BLOCK_CAPTURE_AUTORELEASING = YES;
				CLANG_WARN_BOOL_CONVERSION = YES;
				CLANG_WARN_COMMA = YES;
				CLANG_WARN_CONSTANT_CONVERSION = YES;
				CLANG_WARN_DEPRECATED_OBJC_IMPLEMENTATIONS = YES;
				CLANG_WARN_DIRECT_OBJC_ISA_USAGE = YES_ERROR;
				CLANG_WARN_DOCUMENTATION_COMMENTS = YES;
				CLANG_WARN_EMPTY_BODY = YES;
				CLANG_WARN_ENUM_CONVERSION = YES;
				CLANG_WARN_INFINITE_RECURSION = YES;
				CLANG_WARN_INT_CONVERSION = YES;
				CLANG_WARN_NON_LITERAL_NULL_CONVERSION = YES;
				CLANG_WARN_OBJC_IMPLICIT_RETAIN_SELF = YES;
				CLANG_WARN_OBJC_LITERAL_CONVERSION = YES;
				CLANG_WARN_OBJC_ROOT_CLASS = YES_ERROR;
				CLANG_WARN_QUOTED_INCLUDE_IN_FRAMEWORK_HEADER = YES;
				CLANG_WARN_RANGE_LOOP_ANALYSIS = YES;
				CLANG_WARN_STRICT_PROTOTYPES = YES;
				CLANG_WARN_SUSPICIOUS_MOVE = YES;
				CLANG_WARN_UNGUARDED_AVAILABILITY = YES_AGGRESSIVE;
				CLANG_WARN_UNREACHABLE_CODE = YES;
				CLANG_WARN__DUPLICATE_METHOD_MATCH = YES;
				COPY_PHASE_STRIP = NO;
				DEBUG_INFORMATION_FORMAT = "dwarf-with-dsym";
				ENABLE_NS_ASSERTIONS = NO;
				ENABLE_STRICT_OBJC_MSGSEND = YES;
				GCC_C_LANGUAGE_STANDARD = gnu11;
				GCC_NO_COMMON_BLOCKS = YES;
				GCC_WARN_64_TO_32_BIT_CONVERSION = YES;
				GCC_WARN_ABOUT_RETURN_TYPE = YES_ERROR;
				GCC_WARN_UNDECLARED_SELECTOR = YES;
				GCC_WARN_UNINITIALIZED_AUTOS = YES_AGGRESSIVE;
				GCC_WARN_UNUSED_FUNCTION = YES;
				GCC_WARN_UNUSED_VARIABLE = YES;
				IPHONEOS_DEPLOYMENT_TARGET = 14.5;
				MTL_ENABLE_DEBUG_INFO = NO;
				MTL_FAST_MATH = YES;
				SDKROOT = iphoneos;
				SWIFT_COMPILATION_MODE = wholemodule;
				SWIFT_OPTIMIZATION_LEVEL = "-O";
				VALIDATE_PRODUCT = YES;
			};
			name = Release;
		};
		01DFD9EE26AEFF4200D905A1 /* Debug */ = {
			isa = XCBuildConfiguration;
			baseConfigurationReference = 6FF0409EFCE997E5C0290836 /* Pods-SnipProject.debug.xcconfig */;
			buildSettings = {
				ALWAYS_EMBED_SWIFT_STANDARD_LIBRARIES = YES;
				ASSETCATALOG_COMPILER_APPICON_NAME = AppIcon;
				ASSETCATALOG_COMPILER_GLOBAL_ACCENT_COLOR_NAME = AccentColor;
				CODE_SIGN_ENTITLEMENTS = SnipProject/SnipProject.entitlements;
				CODE_SIGN_IDENTITY = "Apple Development";
				CODE_SIGN_STYLE = Automatic;
				DEVELOPMENT_TEAM = RQAE768Z9N;
				INFOPLIST_FILE = SnipProject/Info.plist;
				LD_RUNPATH_SEARCH_PATHS = (
					"$(inherited)",
					"@executable_path/Frameworks",
				);
				PRODUCT_BUNDLE_IDENTIFIER = com.iOSdev.batch29.SnipProject;
				PRODUCT_NAME = "$(TARGET_NAME)";
				PROVISIONING_PROFILE_SPECIFIER = "";
				SWIFT_VERSION = 5.0;
				TARGETED_DEVICE_FAMILY = 1;
			};
			name = Debug;
		};
		01DFD9EF26AEFF4200D905A1 /* Release */ = {
			isa = XCBuildConfiguration;
			baseConfigurationReference = 2E947237B241836DC2436496 /* Pods-SnipProject.release.xcconfig */;
			buildSettings = {
				ALWAYS_EMBED_SWIFT_STANDARD_LIBRARIES = YES;
				ASSETCATALOG_COMPILER_APPICON_NAME = AppIcon;
				ASSETCATALOG_COMPILER_GLOBAL_ACCENT_COLOR_NAME = AccentColor;
				CODE_SIGN_ENTITLEMENTS = SnipProject/SnipProject.entitlements;
				CODE_SIGN_IDENTITY = "Apple Development";
				CODE_SIGN_STYLE = Automatic;
				DEVELOPMENT_TEAM = RQAE768Z9N;
				INFOPLIST_FILE = SnipProject/Info.plist;
				LD_RUNPATH_SEARCH_PATHS = (
					"$(inherited)",
					"@executable_path/Frameworks",
				);
				PRODUCT_BUNDLE_IDENTIFIER = com.iOSdev.batch29.SnipProject;
				PRODUCT_NAME = "$(TARGET_NAME)";
				PROVISIONING_PROFILE_SPECIFIER = "";
				SWIFT_VERSION = 5.0;
				TARGETED_DEVICE_FAMILY = 1;
			};
			name = Release;
		};
		01DFDABC26B2370300D905A1 /* Debug */ = {
			isa = XCBuildConfiguration;
			baseConfigurationReference = DF2C182E9226CF0F52C7E073 /* Pods-SnipProjectTests.debug.xcconfig */;
			buildSettings = {
				BUNDLE_LOADER = "$(TEST_HOST)";
				CODE_SIGN_STYLE = Automatic;
				INFOPLIST_FILE = SnipProjectTests/Info.plist;
				LD_RUNPATH_SEARCH_PATHS = (
					"$(inherited)",
					"@executable_path/Frameworks",
					"@loader_path/Frameworks",
				);
				PRODUCT_BUNDLE_IDENTIFIER = com.iOSdev.batch29.SnipProjectTests;
				PRODUCT_NAME = "$(TARGET_NAME)";
				SWIFT_VERSION = 5.0;
				TARGETED_DEVICE_FAMILY = "1,2";
				TEST_HOST = "$(BUILT_PRODUCTS_DIR)/SnipProject.app/SnipProject";
			};
			name = Debug;
		};
		01DFDABD26B2370300D905A1 /* Release */ = {
			isa = XCBuildConfiguration;
			baseConfigurationReference = 2C1C56A9F279F0A3BD0DC795 /* Pods-SnipProjectTests.release.xcconfig */;
			buildSettings = {
				BUNDLE_LOADER = "$(TEST_HOST)";
				CODE_SIGN_STYLE = Automatic;
				INFOPLIST_FILE = SnipProjectTests/Info.plist;
				LD_RUNPATH_SEARCH_PATHS = (
					"$(inherited)",
					"@executable_path/Frameworks",
					"@loader_path/Frameworks",
				);
				PRODUCT_BUNDLE_IDENTIFIER = com.iOSdev.batch29.SnipProjectTests;
				PRODUCT_NAME = "$(TARGET_NAME)";
				SWIFT_VERSION = 5.0;
				TARGETED_DEVICE_FAMILY = "1,2";
				TEST_HOST = "$(BUILT_PRODUCTS_DIR)/SnipProject.app/SnipProject";
			};
			name = Release;
		};
		01ECCE5A26B992360052470F /* Debug */ = {
			isa = XCBuildConfiguration;
			baseConfigurationReference = FE14042E8D81EBADE559D004 /* Pods-NotificationContent.debug.xcconfig */;
			buildSettings = {
				CODE_SIGN_IDENTITY = "Apple Development";
				CODE_SIGN_STYLE = Automatic;
				DEVELOPMENT_TEAM = RQAE768Z9N;
				INFOPLIST_FILE = NotificationContent/Info.plist;
				LD_RUNPATH_SEARCH_PATHS = (
					"$(inherited)",
					"@executable_path/Frameworks",
					"@executable_path/../../Frameworks",
				);
				PRODUCT_BUNDLE_IDENTIFIER = com.iOSdev.batch29.SnipProject.NotificationContent;
				PRODUCT_NAME = "$(TARGET_NAME)";
				SKIP_INSTALL = YES;
				SWIFT_VERSION = 5.0;
				TARGETED_DEVICE_FAMILY = "1,2";
			};
			name = Debug;
		};
		01ECCE5B26B992360052470F /* Release */ = {
			isa = XCBuildConfiguration;
			baseConfigurationReference = 1E93AE497AC2CD9F575D2EC5 /* Pods-NotificationContent.release.xcconfig */;
			buildSettings = {
				CODE_SIGN_IDENTITY = "Apple Development";
				CODE_SIGN_STYLE = Automatic;
				DEVELOPMENT_TEAM = RQAE768Z9N;
				INFOPLIST_FILE = NotificationContent/Info.plist;
				LD_RUNPATH_SEARCH_PATHS = (
					"$(inherited)",
					"@executable_path/Frameworks",
					"@executable_path/../../Frameworks",
				);
				PRODUCT_BUNDLE_IDENTIFIER = com.iOSdev.batch29.SnipProject.NotificationContent;
				PRODUCT_NAME = "$(TARGET_NAME)";
				SKIP_INSTALL = YES;
				SWIFT_VERSION = 5.0;
				TARGETED_DEVICE_FAMILY = "1,2";
			};
			name = Release;
		};
		01ECCE6A26B992530052470F /* Debug */ = {
			isa = XCBuildConfiguration;
			baseConfigurationReference = 59599A70E036B6E007A01B33 /* Pods-NotificationService.debug.xcconfig */;
			buildSettings = {
				CODE_SIGN_IDENTITY = "Apple Development";
				CODE_SIGN_STYLE = Automatic;
				DEVELOPMENT_TEAM = RQAE768Z9N;
				INFOPLIST_FILE = NotificationService/Info.plist;
				LD_RUNPATH_SEARCH_PATHS = (
					"$(inherited)",
					"@executable_path/Frameworks",
					"@executable_path/../../Frameworks",
				);
				PRODUCT_BUNDLE_IDENTIFIER = com.iOSdev.batch29.SnipProject.NotificationService;
				PRODUCT_NAME = "$(TARGET_NAME)";
				SKIP_INSTALL = YES;
				SWIFT_VERSION = 5.0;
				TARGETED_DEVICE_FAMILY = "1,2";
			};
			name = Debug;
		};
		01ECCE6B26B992530052470F /* Release */ = {
			isa = XCBuildConfiguration;
			baseConfigurationReference = 009DDF58BF9330E54FBD8E4F /* Pods-NotificationService.release.xcconfig */;
			buildSettings = {
				CODE_SIGN_IDENTITY = "Apple Development";
				CODE_SIGN_STYLE = Automatic;
				DEVELOPMENT_TEAM = RQAE768Z9N;
				INFOPLIST_FILE = NotificationService/Info.plist;
				LD_RUNPATH_SEARCH_PATHS = (
					"$(inherited)",
					"@executable_path/Frameworks",
					"@executable_path/../../Frameworks",
				);
				PRODUCT_BUNDLE_IDENTIFIER = com.iOSdev.batch29.SnipProject.NotificationService;
				PRODUCT_NAME = "$(TARGET_NAME)";
				SKIP_INSTALL = YES;
				SWIFT_VERSION = 5.0;
				TARGETED_DEVICE_FAMILY = "1,2";
			};
			name = Release;
		};
/* End XCBuildConfiguration section */

/* Begin XCConfigurationList section */
		01DFD9BE26AEFF3C00D905A1 /* Build configuration list for PBXProject "SnipProject" */ = {
			isa = XCConfigurationList;
			buildConfigurations = (
				01DFD9EB26AEFF4200D905A1 /* Debug */,
				01DFD9EC26AEFF4200D905A1 /* Release */,
			);
			defaultConfigurationIsVisible = 0;
			defaultConfigurationName = Release;
		};
		01DFD9ED26AEFF4200D905A1 /* Build configuration list for PBXNativeTarget "SnipProject" */ = {
			isa = XCConfigurationList;
			buildConfigurations = (
				01DFD9EE26AEFF4200D905A1 /* Debug */,
				01DFD9EF26AEFF4200D905A1 /* Release */,
			);
			defaultConfigurationIsVisible = 0;
			defaultConfigurationName = Release;
		};
		01DFDABB26B2370300D905A1 /* Build configuration list for PBXNativeTarget "SnipProjectTests" */ = {
			isa = XCConfigurationList;
			buildConfigurations = (
				01DFDABC26B2370300D905A1 /* Debug */,
				01DFDABD26B2370300D905A1 /* Release */,
			);
			defaultConfigurationIsVisible = 0;
			defaultConfigurationName = Release;
		};
		01ECCE5C26B992360052470F /* Build configuration list for PBXNativeTarget "NotificationContent" */ = {
			isa = XCConfigurationList;
			buildConfigurations = (
				01ECCE5A26B992360052470F /* Debug */,
				01ECCE5B26B992360052470F /* Release */,
			);
			defaultConfigurationIsVisible = 0;
			defaultConfigurationName = Release;
		};
		01ECCE6926B992530052470F /* Build configuration list for PBXNativeTarget "NotificationService" */ = {
			isa = XCConfigurationList;
			buildConfigurations = (
				01ECCE6A26B992530052470F /* Debug */,
				01ECCE6B26B992530052470F /* Release */,
			);
			defaultConfigurationIsVisible = 0;
			defaultConfigurationName = Release;
		};
/* End XCConfigurationList section */
	};
	rootObject = 01DFD9BB26AEFF3C00D905A1 /* Project object */;
}
