// !$*UTF8*$!
{
	archiveVersion = 1;
	classes = {
	};
	objectVersion = 50;
	objects = {

/* Begin PBXBuildFile section */
		01DFD9C726AEFF3C00D905A1 /* AppDelegate.swift in Sources */ = {isa = PBXBuildFile; fileRef = 01DFD9C626AEFF3C00D905A1 /* AppDelegate.swift */; };
		01DFD9C926AEFF3C00D905A1 /* SceneDelegate.swift in Sources */ = {isa = PBXBuildFile; fileRef = 01DFD9C826AEFF3C00D905A1 /* SceneDelegate.swift */; };
		01DFD9CB26AEFF3C00D905A1 /* LoginSignupViewController.swift in Sources */ = {isa = PBXBuildFile; fileRef = 01DFD9CA26AEFF3C00D905A1 /* LoginSignupViewController.swift */; };
		01DFD9CE26AEFF3C00D905A1 /* Main.storyboard in Resources */ = {isa = PBXBuildFile; fileRef = 01DFD9CC26AEFF3C00D905A1 /* Main.storyboard */; };
		01DFD9D026AEFF4100D905A1 /* Assets.xcassets in Resources */ = {isa = PBXBuildFile; fileRef = 01DFD9CF26AEFF4100D905A1 /* Assets.xcassets */; };
		01DFD9D326AEFF4100D905A1 /* LaunchScreen.storyboard in Resources */ = {isa = PBXBuildFile; fileRef = 01DFD9D126AEFF4100D905A1 /* LaunchScreen.storyboard */; };
		01DFDA6126AFA4A000D905A1 /* LoginViewController.swift in Sources */ = {isa = PBXBuildFile; fileRef = 01DFDA6026AFA4A000D905A1 /* LoginViewController.swift */; };
		01DFDAA126B0AE5700D905A1 /* SignUpViewController.swift in Sources */ = {isa = PBXBuildFile; fileRef = 01DFDAA026B0AE5700D905A1 /* SignUpViewController.swift */; };
		01DFDAA326B0B6A400D905A1 /* GenderViewController.swift in Sources */ = {isa = PBXBuildFile; fileRef = 01DFDAA226B0B6A400D905A1 /* GenderViewController.swift */; };
		01DFDAB726B2370300D905A1 /* UserModelTest.swift in Sources */ = {isa = PBXBuildFile; fileRef = 01DFDAB626B2370300D905A1 /* UserModelTest.swift */; };
		01DFDABF26B2D8A600D905A1 /* UserModel.swift in Sources */ = {isa = PBXBuildFile; fileRef = 01DFDABE26B2D8A600D905A1 /* UserModel.swift */; };
		01DFDAC126B2DB8900D905A1 /* UserViewModel.swift in Sources */ = {isa = PBXBuildFile; fileRef = 01DFDAC026B2DB8900D905A1 /* UserViewModel.swift */; };
		01E2B33E26B30E7000C7A504 /* LoginViewControllerTests.swift in Sources */ = {isa = PBXBuildFile; fileRef = 01DFDA5E26AFA3A500D905A1 /* LoginViewControllerTests.swift */; };
		01E2B33F26B30E7300C7A504 /* LoginSignUpViewControllerTest.swift in Sources */ = {isa = PBXBuildFile; fileRef = 01DFDA5C26AF961700D905A1 /* LoginSignUpViewControllerTest.swift */; };
		01E2B34126B32A4200C7A504 /* UserViewModelTests.swift in Sources */ = {isa = PBXBuildFile; fileRef = 01E2B34026B32A4200C7A504 /* UserViewModelTests.swift */; };
		01E2B34426B352EB00C7A504 /* Screen Shot 2021-06-25 at 3.03.07 PM.png in Resources */ = {isa = PBXBuildFile; fileRef = 01E2B34326B352EA00C7A504 /* Screen Shot 2021-06-25 at 3.03.07 PM.png */; };
		01E2B34626B3909C00C7A504 /* TabBarController.swift in Sources */ = {isa = PBXBuildFile; fileRef = 01E2B34526B3909C00C7A504 /* TabBarController.swift */; };
		01E2B34926B3913D00C7A504 /* HomeViewController.swift in Sources */ = {isa = PBXBuildFile; fileRef = 01E2B34826B3913D00C7A504 /* HomeViewController.swift */; };
		01E2B34B26B3915900C7A504 /* ExplorerViewController.swift in Sources */ = {isa = PBXBuildFile; fileRef = 01E2B34A26B3915900C7A504 /* ExplorerViewController.swift */; };
		01E2B34D26B3917900C7A504 /* ShareViewController.swift in Sources */ = {isa = PBXBuildFile; fileRef = 01E2B34C26B3917900C7A504 /* ShareViewController.swift */; };
		01E2B34F26B3918600C7A504 /* SavedViewController.swift in Sources */ = {isa = PBXBuildFile; fileRef = 01E2B34E26B3918600C7A504 /* SavedViewController.swift */; };
		01E2B35126B391A100C7A504 /* ProfileViewController.swift in Sources */ = {isa = PBXBuildFile; fileRef = 01E2B35026B391A100C7A504 /* ProfileViewController.swift */; };
/* End PBXBuildFile section */

/* Begin PBXContainerItemProxy section */
		01DFDAB926B2370300D905A1 /* PBXContainerItemProxy */ = {
			isa = PBXContainerItemProxy;
			containerPortal = 01DFD9BB26AEFF3C00D905A1 /* Project object */;
			proxyType = 1;
			remoteGlobalIDString = 01DFD9C226AEFF3C00D905A1;
			remoteInfo = SnipProject;
		};
/* End PBXContainerItemProxy section */

/* Begin PBXFileReference section */
		01DFD9C326AEFF3C00D905A1 /* SnipProject.app */ = {isa = PBXFileReference; explicitFileType = wrapper.application; includeInIndex = 0; path = SnipProject.app; sourceTree = BUILT_PRODUCTS_DIR; };
		01DFD9C626AEFF3C00D905A1 /* AppDelegate.swift */ = {isa = PBXFileReference; lastKnownFileType = sourcecode.swift; path = AppDelegate.swift; sourceTree = "<group>"; };
		01DFD9C826AEFF3C00D905A1 /* SceneDelegate.swift */ = {isa = PBXFileReference; lastKnownFileType = sourcecode.swift; path = SceneDelegate.swift; sourceTree = "<group>"; };
		01DFD9CA26AEFF3C00D905A1 /* LoginSignupViewController.swift */ = {isa = PBXFileReference; lastKnownFileType = sourcecode.swift; path = LoginSignupViewController.swift; sourceTree = "<group>"; };
		01DFD9CD26AEFF3C00D905A1 /* Base */ = {isa = PBXFileReference; lastKnownFileType = file.storyboard; name = Base; path = Base.lproj/Main.storyboard; sourceTree = "<group>"; };
		01DFD9CF26AEFF4100D905A1 /* Assets.xcassets */ = {isa = PBXFileReference; lastKnownFileType = folder.assetcatalog; path = Assets.xcassets; sourceTree = "<group>"; };
		01DFD9D226AEFF4100D905A1 /* Base */ = {isa = PBXFileReference; lastKnownFileType = file.storyboard; name = Base; path = Base.lproj/LaunchScreen.storyboard; sourceTree = "<group>"; };
		01DFD9D426AEFF4100D905A1 /* Info.plist */ = {isa = PBXFileReference; lastKnownFileType = text.plist.xml; path = Info.plist; sourceTree = "<group>"; };
		01DFDA5C26AF961700D905A1 /* LoginSignUpViewControllerTest.swift */ = {isa = PBXFileReference; lastKnownFileType = sourcecode.swift; path = LoginSignUpViewControllerTest.swift; sourceTree = "<group>"; };
		01DFDA5E26AFA3A500D905A1 /* LoginViewControllerTests.swift */ = {isa = PBXFileReference; lastKnownFileType = sourcecode.swift; path = LoginViewControllerTests.swift; sourceTree = "<group>"; };
		01DFDA6026AFA4A000D905A1 /* LoginViewController.swift */ = {isa = PBXFileReference; lastKnownFileType = sourcecode.swift; path = LoginViewController.swift; sourceTree = "<group>"; };
		01DFDAA026B0AE5700D905A1 /* SignUpViewController.swift */ = {isa = PBXFileReference; lastKnownFileType = sourcecode.swift; path = SignUpViewController.swift; sourceTree = "<group>"; };
		01DFDAA226B0B6A400D905A1 /* GenderViewController.swift */ = {isa = PBXFileReference; lastKnownFileType = sourcecode.swift; path = GenderViewController.swift; sourceTree = "<group>"; };
		01DFDAB426B2370300D905A1 /* SnipProjectTests.xctest */ = {isa = PBXFileReference; explicitFileType = wrapper.cfbundle; includeInIndex = 0; path = SnipProjectTests.xctest; sourceTree = BUILT_PRODUCTS_DIR; };
		01DFDAB626B2370300D905A1 /* UserModelTest.swift */ = {isa = PBXFileReference; lastKnownFileType = sourcecode.swift; path = UserModelTest.swift; sourceTree = "<group>"; };
		01DFDAB826B2370300D905A1 /* Info.plist */ = {isa = PBXFileReference; lastKnownFileType = text.plist.xml; path = Info.plist; sourceTree = "<group>"; };
		01DFDABE26B2D8A600D905A1 /* UserModel.swift */ = {isa = PBXFileReference; lastKnownFileType = sourcecode.swift; path = UserModel.swift; sourceTree = "<group>"; };
		01DFDAC026B2DB8900D905A1 /* UserViewModel.swift */ = {isa = PBXFileReference; lastKnownFileType = sourcecode.swift; path = UserViewModel.swift; sourceTree = "<group>"; };
		01E2B34026B32A4200C7A504 /* UserViewModelTests.swift */ = {isa = PBXFileReference; lastKnownFileType = sourcecode.swift; path = UserViewModelTests.swift; sourceTree = "<group>"; };
		01E2B34226B3479A00C7A504 /* SnipProject.entitlements */ = {isa = PBXFileReference; lastKnownFileType = text.plist.entitlements; path = SnipProject.entitlements; sourceTree = "<group>"; };
		01E2B34326B352EA00C7A504 /* Screen Shot 2021-06-25 at 3.03.07 PM.png */ = {isa = PBXFileReference; lastKnownFileType = image.png; name = "Screen Shot 2021-06-25 at 3.03.07 PM.png"; path = "SupportedFiles/Assets.xcassets/SnipLogo.imageset/Screen Shot 2021-06-25 at 3.03.07 PM.png"; sourceTree = "<group>"; };
		01E2B34526B3909C00C7A504 /* TabBarController.swift */ = {isa = PBXFileReference; lastKnownFileType = sourcecode.swift; path = TabBarController.swift; sourceTree = "<group>"; };
		01E2B34826B3913D00C7A504 /* HomeViewController.swift */ = {isa = PBXFileReference; lastKnownFileType = sourcecode.swift; path = HomeViewController.swift; sourceTree = "<group>"; };
		01E2B34A26B3915900C7A504 /* ExplorerViewController.swift */ = {isa = PBXFileReference; lastKnownFileType = sourcecode.swift; path = ExplorerViewController.swift; sourceTree = "<group>"; };
		01E2B34C26B3917900C7A504 /* ShareViewController.swift */ = {isa = PBXFileReference; lastKnownFileType = sourcecode.swift; path = ShareViewController.swift; sourceTree = "<group>"; };
		01E2B34E26B3918600C7A504 /* SavedViewController.swift */ = {isa = PBXFileReference; lastKnownFileType = sourcecode.swift; path = SavedViewController.swift; sourceTree = "<group>"; };
		01E2B35026B391A100C7A504 /* ProfileViewController.swift */ = {isa = PBXFileReference; lastKnownFileType = sourcecode.swift; path = ProfileViewController.swift; sourceTree = "<group>"; };
/* End PBXFileReference section */

/* Begin PBXFrameworksBuildPhase section */
		01DFD9C026AEFF3C00D905A1 /* Frameworks */ = {
			isa = PBXFrameworksBuildPhase;
			buildActionMask = 2147483647;
			files = (
			);
			runOnlyForDeploymentPostprocessing = 0;
		};
		01DFDAB126B2370300D905A1 /* Frameworks */ = {
			isa = PBXFrameworksBuildPhase;
			buildActionMask = 2147483647;
			files = (
			);
			runOnlyForDeploymentPostprocessing = 0;
		};
/* End PBXFrameworksBuildPhase section */

/* Begin PBXGroup section */
		01DFD9BA26AEFF3C00D905A1 = {
			isa = PBXGroup;
			children = (
				01DFD9C526AEFF3C00D905A1 /* SnipProject */,
				01DFDAB526B2370300D905A1 /* SnipProjectTests */,
				01DFD9C426AEFF3C00D905A1 /* Products */,
			);
			sourceTree = "<group>";
		};
		01DFD9C426AEFF3C00D905A1 /* Products */ = {
			isa = PBXGroup;
			children = (
				01DFD9C326AEFF3C00D905A1 /* SnipProject.app */,
				01DFDAB426B2370300D905A1 /* SnipProjectTests.xctest */,
			);
			name = Products;
			sourceTree = "<group>";
		};
		01DFD9C526AEFF3C00D905A1 /* SnipProject */ = {
			isa = PBXGroup;
			children = (
				01E2B34226B3479A00C7A504 /* SnipProject.entitlements */,
				01DFD9D426AEFF4100D905A1 /* Info.plist */,
				01E2B34326B352EA00C7A504 /* Screen Shot 2021-06-25 at 3.03.07 PM.png */,
				01DFD9FC26AF036B00D905A1 /* APIManager */,
				01DFD9F926AF010B00D905A1 /* SupportedFiles */,
				01DFD9F826AF00FC00D905A1 /* Views */,
				01DFD9F726AF00F300D905A1 /* ViewModels */,
				01DFD9F626AF00E900D905A1 /* Models */,
			);
			path = SnipProject;
			sourceTree = "<group>";
		};
		01DFD9F626AF00E900D905A1 /* Models */ = {
			isa = PBXGroup;
			children = (
				01DFDABE26B2D8A600D905A1 /* UserModel.swift */,
			);
			path = Models;
			sourceTree = "<group>";
		};
		01DFD9F726AF00F300D905A1 /* ViewModels */ = {
			isa = PBXGroup;
			children = (
				01DFDAC026B2DB8900D905A1 /* UserViewModel.swift */,
			);
			path = ViewModels;
			sourceTree = "<group>";
		};
		01DFD9F826AF00FC00D905A1 /* Views */ = {
			isa = PBXGroup;
			children = (
				01DFD9FB26AF014000D905A1 /* Storyboard */,
				01DFD9FA26AF013800D905A1 /* Controllers */,
			);
			path = Views;
			sourceTree = "<group>";
		};
		01DFD9F926AF010B00D905A1 /* SupportedFiles */ = {
			isa = PBXGroup;
			children = (
				01DFD9CF26AEFF4100D905A1 /* Assets.xcassets */,
				01DFD9C626AEFF3C00D905A1 /* AppDelegate.swift */,
				01DFD9C826AEFF3C00D905A1 /* SceneDelegate.swift */,
			);
			path = SupportedFiles;
			sourceTree = "<group>";
		};
		01DFD9FA26AF013800D905A1 /* Controllers */ = {
			isa = PBXGroup;
			children = (
				01E2B34726B3911200C7A504 /* TabBarControllers */,
				01DFD9CA26AEFF3C00D905A1 /* LoginSignupViewController.swift */,
				01DFDA6026AFA4A000D905A1 /* LoginViewController.swift */,
				01DFDAA026B0AE5700D905A1 /* SignUpViewController.swift */,
				01DFDAA226B0B6A400D905A1 /* GenderViewController.swift */,
			);
			path = Controllers;
			sourceTree = "<group>";
		};
		01DFD9FB26AF014000D905A1 /* Storyboard */ = {
			isa = PBXGroup;
			children = (
				01DFD9CC26AEFF3C00D905A1 /* Main.storyboard */,
				01DFD9D126AEFF4100D905A1 /* LaunchScreen.storyboard */,
			);
			path = Storyboard;
			sourceTree = "<group>";
		};
		01DFD9FC26AF036B00D905A1 /* APIManager */ = {
			isa = PBXGroup;
			children = (
			);
			path = APIManager;
			sourceTree = "<group>";
		};
		01DFDAB526B2370300D905A1 /* SnipProjectTests */ = {
			isa = PBXGroup;
			children = (
				01DFDAB626B2370300D905A1 /* UserModelTest.swift */,
				01DFDA5E26AFA3A500D905A1 /* LoginViewControllerTests.swift */,
				01DFDA5C26AF961700D905A1 /* LoginSignUpViewControllerTest.swift */,
				01DFDAB826B2370300D905A1 /* Info.plist */,
				01E2B34026B32A4200C7A504 /* UserViewModelTests.swift */,
			);
			path = SnipProjectTests;
			sourceTree = "<group>";
		};
		01E2B34726B3911200C7A504 /* TabBarControllers */ = {
			isa = PBXGroup;
			children = (
				01E2B34526B3909C00C7A504 /* TabBarController.swift */,
				01E2B34826B3913D00C7A504 /* HomeViewController.swift */,
				01E2B34A26B3915900C7A504 /* ExplorerViewController.swift */,
				01E2B34C26B3917900C7A504 /* ShareViewController.swift */,
				01E2B34E26B3918600C7A504 /* SavedViewController.swift */,
				01E2B35026B391A100C7A504 /* ProfileViewController.swift */,
			);
			path = TabBarControllers;
			sourceTree = "<group>";
		};
/* End PBXGroup section */

/* Begin PBXNativeTarget section */
		01DFD9C226AEFF3C00D905A1 /* SnipProject */ = {
			isa = PBXNativeTarget;
			buildConfigurationList = 01DFD9ED26AEFF4200D905A1 /* Build configuration list for PBXNativeTarget "SnipProject" */;
			buildPhases = (
				01DFD9BF26AEFF3C00D905A1 /* Sources */,
				01DFD9C026AEFF3C00D905A1 /* Frameworks */,
				01DFD9C126AEFF3C00D905A1 /* Resources */,
			);
			buildRules = (
			);
			dependencies = (
			);
			name = SnipProject;
			productName = SnipProject;
			productReference = 01DFD9C326AEFF3C00D905A1 /* SnipProject.app */;
			productType = "com.apple.product-type.application";
		};
		01DFDAB326B2370300D905A1 /* SnipProjectTests */ = {
			isa = PBXNativeTarget;
			buildConfigurationList = 01DFDABB26B2370300D905A1 /* Build configuration list for PBXNativeTarget "SnipProjectTests" */;
			buildPhases = (
				01DFDAB026B2370300D905A1 /* Sources */,
				01DFDAB126B2370300D905A1 /* Frameworks */,
				01DFDAB226B2370300D905A1 /* Resources */,
			);
			buildRules = (
			);
			dependencies = (
				01DFDABA26B2370300D905A1 /* PBXTargetDependency */,
			);
			name = SnipProjectTests;
			productName = SnipProjectTests;
			productReference = 01DFDAB426B2370300D905A1 /* SnipProjectTests.xctest */;
			productType = "com.apple.product-type.bundle.unit-test";
		};
/* End PBXNativeTarget section */

/* Begin PBXProject section */
		01DFD9BB26AEFF3C00D905A1 /* Project object */ = {
			isa = PBXProject;
			attributes = {
				LastSwiftUpdateCheck = 1250;
				LastUpgradeCheck = 1250;
				TargetAttributes = {
					01DFD9C226AEFF3C00D905A1 = {
						CreatedOnToolsVersion = 12.5;
					};
					01DFDAB326B2370300D905A1 = {
						CreatedOnToolsVersion = 12.5;
						TestTargetID = 01DFD9C226AEFF3C00D905A1;
					};
				};
			};
			buildConfigurationList = 01DFD9BE26AEFF3C00D905A1 /* Build configuration list for PBXProject "SnipProject" */;
			compatibilityVersion = "Xcode 9.3";
			developmentRegion = en;
			hasScannedForEncodings = 0;
			knownRegions = (
				en,
				Base,
			);
			mainGroup = 01DFD9BA26AEFF3C00D905A1;
			productRefGroup = 01DFD9C426AEFF3C00D905A1 /* Products */;
			projectDirPath = "";
			projectRoot = "";
			targets = (
				01DFD9C226AEFF3C00D905A1 /* SnipProject */,
				01DFDAB326B2370300D905A1 /* SnipProjectTests */,
			);
		};
/* End PBXProject section */

/* Begin PBXResourcesBuildPhase section */
		01DFD9C126AEFF3C00D905A1 /* Resources */ = {
			isa = PBXResourcesBuildPhase;
			buildActionMask = 2147483647;
			files = (
				01E2B34426B352EB00C7A504 /* Screen Shot 2021-06-25 at 3.03.07 PM.png in Resources */,
				01DFD9D326AEFF4100D905A1 /* LaunchScreen.storyboard in Resources */,
				01DFD9D026AEFF4100D905A1 /* Assets.xcassets in Resources */,
				01DFD9CE26AEFF3C00D905A1 /* Main.storyboard in Resources */,
			);
			runOnlyForDeploymentPostprocessing = 0;
		};
		01DFDAB226B2370300D905A1 /* Resources */ = {
			isa = PBXResourcesBuildPhase;
			buildActionMask = 2147483647;
			files = (
			);
			runOnlyForDeploymentPostprocessing = 0;
		};
/* End PBXResourcesBuildPhase section */

/* Begin PBXSourcesBuildPhase section */
		01DFD9BF26AEFF3C00D905A1 /* Sources */ = {
			isa = PBXSourcesBuildPhase;
			buildActionMask = 2147483647;
			files = (
				01DFDA6126AFA4A000D905A1 /* LoginViewController.swift in Sources */,
				01DFDAC126B2DB8900D905A1 /* UserViewModel.swift in Sources */,
				01DFD9CB26AEFF3C00D905A1 /* LoginSignupViewController.swift in Sources */,
				01DFD9C726AEFF3C00D905A1 /* AppDelegate.swift in Sources */,
				01E2B35126B391A100C7A504 /* ProfileViewController.swift in Sources */,
				01DFDAA326B0B6A400D905A1 /* GenderViewController.swift in Sources */,
				01E2B34926B3913D00C7A504 /* HomeViewController.swift in Sources */,
				01E2B34D26B3917900C7A504 /* ShareViewController.swift in Sources */,
				01DFD9C926AEFF3C00D905A1 /* SceneDelegate.swift in Sources */,
				01DFDABF26B2D8A600D905A1 /* UserModel.swift in Sources */,
				01E2B34B26B3915900C7A504 /* ExplorerViewController.swift in Sources */,
				01E2B34F26B3918600C7A504 /* SavedViewController.swift in Sources */,
				01E2B34626B3909C00C7A504 /* TabBarController.swift in Sources */,
				01DFDAA126B0AE5700D905A1 /* SignUpViewController.swift in Sources */,
			);
			runOnlyForDeploymentPostprocessing = 0;
		};
		01DFDAB026B2370300D905A1 /* Sources */ = {
			isa = PBXSourcesBuildPhase;
			buildActionMask = 2147483647;
			files = (
				01E2B33E26B30E7000C7A504 /* LoginViewControllerTests.swift in Sources */,
				01E2B34126B32A4200C7A504 /* UserViewModelTests.swift in Sources */,
				01E2B33F26B30E7300C7A504 /* LoginSignUpViewControllerTest.swift in Sources */,
				01DFDAB726B2370300D905A1 /* UserModelTest.swift in Sources */,
			);
			runOnlyForDeploymentPostprocessing = 0;
		};
/* End PBXSourcesBuildPhase section */

/* Begin PBXTargetDependency section */
		01DFDABA26B2370300D905A1 /* PBXTargetDependency */ = {
			isa = PBXTargetDependency;
			target = 01DFD9C226AEFF3C00D905A1 /* SnipProject */;
			targetProxy = 01DFDAB926B2370300D905A1 /* PBXContainerItemProxy */;
		};
/* End PBXTargetDependency section */

/* Begin PBXVariantGroup section */
		01DFD9CC26AEFF3C00D905A1 /* Main.storyboard */ = {
			isa = PBXVariantGroup;
			children = (
				01DFD9CD26AEFF3C00D905A1 /* Base */,
			);
			name = Main.storyboard;
			sourceTree = "<group>";
		};
		01DFD9D126AEFF4100D905A1 /* LaunchScreen.storyboard */ = {
			isa = PBXVariantGroup;
			children = (
				01DFD9D226AEFF4100D905A1 /* Base */,
			);
			name = LaunchScreen.storyboard;
			sourceTree = "<group>";
		};
/* End PBXVariantGroup section */

/* Begin XCBuildConfiguration section */
		01DFD9EB26AEFF4200D905A1 /* Debug */ = {
			isa = XCBuildConfiguration;
			buildSettings = {
				ALWAYS_SEARCH_USER_PATHS = NO;
				CLANG_ANALYZER_NONNULL = YES;
				CLANG_ANALYZER_NUMBER_OBJECT_CONVERSION = YES_AGGRESSIVE;
				CLANG_CXX_LANGUAGE_STANDARD = "gnu++14";
				CLANG_CXX_LIBRARY = "libc++";
				CLANG_ENABLE_MODULES = YES;
				CLANG_ENABLE_OBJC_ARC = YES;
				CLANG_ENABLE_OBJC_WEAK = YES;
				CLANG_WARN_BLOCK_CAPTURE_AUTORELEASING = YES;
				CLANG_WARN_BOOL_CONVERSION = YES;
				CLANG_WARN_COMMA = YES;
				CLANG_WARN_CONSTANT_CONVERSION = YES;
				CLANG_WARN_DEPRECATED_OBJC_IMPLEMENTATIONS = YES;
				CLANG_WARN_DIRECT_OBJC_ISA_USAGE = YES_ERROR;
				CLANG_WARN_DOCUMENTATION_COMMENTS = YES;
				CLANG_WARN_EMPTY_BODY = YES;
				CLANG_WARN_ENUM_CONVERSION = YES;
				CLANG_WARN_INFINITE_RECURSION = YES;
				CLANG_WARN_INT_CONVERSION = YES;
				CLANG_WARN_NON_LITERAL_NULL_CONVERSION = YES;
				CLANG_WARN_OBJC_IMPLICIT_RETAIN_SELF = YES;
				CLANG_WARN_OBJC_LITERAL_CONVERSION = YES;
				CLANG_WARN_OBJC_ROOT_CLASS = YES_ERROR;
				CLANG_WARN_QUOTED_INCLUDE_IN_FRAMEWORK_HEADER = YES;
				CLANG_WARN_RANGE_LOOP_ANALYSIS = YES;
				CLANG_WARN_STRICT_PROTOTYPES = YES;
				CLANG_WARN_SUSPICIOUS_MOVE = YES;
				CLANG_WARN_UNGUARDED_AVAILABILITY = YES_AGGRESSIVE;
				CLANG_WARN_UNREACHABLE_CODE = YES;
				CLANG_WARN__DUPLICATE_METHOD_MATCH = YES;
				COPY_PHASE_STRIP = NO;
				DEBUG_INFORMATION_FORMAT = dwarf;
				ENABLE_STRICT_OBJC_MSGSEND = YES;
				ENABLE_TESTABILITY = YES;
				GCC_C_LANGUAGE_STANDARD = gnu11;
				GCC_DYNAMIC_NO_PIC = NO;
				GCC_NO_COMMON_BLOCKS = YES;
				GCC_OPTIMIZATION_LEVEL = 0;
				GCC_PREPROCESSOR_DEFINITIONS = (
					"DEBUG=1",
					"$(inherited)",
				);
				GCC_WARN_64_TO_32_BIT_CONVERSION = YES;
				GCC_WARN_ABOUT_RETURN_TYPE = YES_ERROR;
				GCC_WARN_UNDECLARED_SELECTOR = YES;
				GCC_WARN_UNINITIALIZED_AUTOS = YES_AGGRESSIVE;
				GCC_WARN_UNUSED_FUNCTION = YES;
				GCC_WARN_UNUSED_VARIABLE = YES;
				IPHONEOS_DEPLOYMENT_TARGET = 14.5;
				MTL_ENABLE_DEBUG_INFO = INCLUDE_SOURCE;
				MTL_FAST_MATH = YES;
				ONLY_ACTIVE_ARCH = YES;
				SDKROOT = iphoneos;
				SWIFT_ACTIVE_COMPILATION_CONDITIONS = DEBUG;
				SWIFT_OPTIMIZATION_LEVEL = "-Onone";
			};
			name = Debug;
		};
		01DFD9EC26AEFF4200D905A1 /* Release */ = {
			isa = XCBuildConfiguration;
			buildSettings = {
				ALWAYS_SEARCH_USER_PATHS = NO;
				CLANG_ANALYZER_NONNULL = YES;
				CLANG_ANALYZER_NUMBER_OBJECT_CONVERSION = YES_AGGRESSIVE;
				CLANG_CXX_LANGUAGE_STANDARD = "gnu++14";
				CLANG_CXX_LIBRARY = "libc++";
				CLANG_ENABLE_MODULES = YES;
				CLANG_ENABLE_OBJC_ARC = YES;
				CLANG_ENABLE_OBJC_WEAK = YES;
				CLANG_WARN_BLOCK_CAPTURE_AUTORELEASING = YES;
				CLANG_WARN_BOOL_CONVERSION = YES;
				CLANG_WARN_COMMA = YES;
				CLANG_WARN_CONSTANT_CONVERSION = YES;
				CLANG_WARN_DEPRECATED_OBJC_IMPLEMENTATIONS = YES;
				CLANG_WARN_DIRECT_OBJC_ISA_USAGE = YES_ERROR;
				CLANG_WARN_DOCUMENTATION_COMMENTS = YES;
				CLANG_WARN_EMPTY_BODY = YES;
				CLANG_WARN_ENUM_CONVERSION = YES;
				CLANG_WARN_INFINITE_RECURSION = YES;
				CLANG_WARN_INT_CONVERSION = YES;
				CLANG_WARN_NON_LITERAL_NULL_CONVERSION = YES;
				CLANG_WARN_OBJC_IMPLICIT_RETAIN_SELF = YES;
				CLANG_WARN_OBJC_LITERAL_CONVERSION = YES;
				CLANG_WARN_OBJC_ROOT_CLASS = YES_ERROR;
				CLANG_WARN_QUOTED_INCLUDE_IN_FRAMEWORK_HEADER = YES;
				CLANG_WARN_RANGE_LOOP_ANALYSIS = YES;
				CLANG_WARN_STRICT_PROTOTYPES = YES;
				CLANG_WARN_SUSPICIOUS_MOVE = YES;
				CLANG_WARN_UNGUARDED_AVAILABILITY = YES_AGGRESSIVE;
				CLANG_WARN_UNREACHABLE_CODE = YES;
				CLANG_WARN__DUPLICATE_METHOD_MATCH = YES;
				COPY_PHASE_STRIP = NO;
				DEBUG_INFORMATION_FORMAT = "dwarf-with-dsym";
				ENABLE_NS_ASSERTIONS = NO;
				ENABLE_STRICT_OBJC_MSGSEND = YES;
				GCC_C_LANGUAGE_STANDARD = gnu11;
				GCC_NO_COMMON_BLOCKS = YES;
				GCC_WARN_64_TO_32_BIT_CONVERSION = YES;
				GCC_WARN_ABOUT_RETURN_TYPE = YES_ERROR;
				GCC_WARN_UNDECLARED_SELECTOR = YES;
				GCC_WARN_UNINITIALIZED_AUTOS = YES_AGGRESSIVE;
				GCC_WARN_UNUSED_FUNCTION = YES;
				GCC_WARN_UNUSED_VARIABLE = YES;
				IPHONEOS_DEPLOYMENT_TARGET = 14.5;
				MTL_ENABLE_DEBUG_INFO = NO;
				MTL_FAST_MATH = YES;
				SDKROOT = iphoneos;
				SWIFT_COMPILATION_MODE = wholemodule;
				SWIFT_OPTIMIZATION_LEVEL = "-O";
				VALIDATE_PRODUCT = YES;
			};
			name = Release;
		};
		01DFD9EE26AEFF4200D905A1 /* Debug */ = {
			isa = XCBuildConfiguration;
			buildSettings = {
				ASSETCATALOG_COMPILER_APPICON_NAME = AppIcon;
				ASSETCATALOG_COMPILER_GLOBAL_ACCENT_COLOR_NAME = AccentColor;
				CODE_SIGN_ENTITLEMENTS = SnipProject/SnipProject.entitlements;
				CODE_SIGN_IDENTITY = "iPhone Developer";
				CODE_SIGN_STYLE = Manual;
				DEVELOPMENT_TEAM = RQAE768Z9N;
				INFOPLIST_FILE = SnipProject/Info.plist;
				LD_RUNPATH_SEARCH_PATHS = (
					"$(inherited)",
					"@executable_path/Frameworks",
				);
				PRODUCT_BUNDLE_IDENTIFIER = com.iOSdev.batch29.SnipProject;
				PRODUCT_NAME = "$(TARGET_NAME)";
				PROVISIONING_PROFILE_SPECIFIER = devProvisioningProfileSidneyA;
				SWIFT_VERSION = 5.0;
				TARGETED_DEVICE_FAMILY = "1,2";
			};
			name = Debug;
		};
		01DFD9EF26AEFF4200D905A1 /* Release */ = {
			isa = XCBuildConfiguration;
			buildSettings = {
				ASSETCATALOG_COMPILER_APPICON_NAME = AppIcon;
				ASSETCATALOG_COMPILER_GLOBAL_ACCENT_COLOR_NAME = AccentColor;
				CODE_SIGN_ENTITLEMENTS = SnipProject/SnipProject.entitlements;
				CODE_SIGN_IDENTITY = "iPhone Developer";
				CODE_SIGN_STYLE = Manual;
				DEVELOPMENT_TEAM = RQAE768Z9N;
				INFOPLIST_FILE = SnipProject/Info.plist;
				LD_RUNPATH_SEARCH_PATHS = (
					"$(inherited)",
					"@executable_path/Frameworks",
				);
				PRODUCT_BUNDLE_IDENTIFIER = com.iOSdev.batch29.SnipProject;
				PRODUCT_NAME = "$(TARGET_NAME)";
				PROVISIONING_PROFILE_SPECIFIER = devProvisioningProfileSidneyA;
				SWIFT_VERSION = 5.0;
				TARGETED_DEVICE_FAMILY = "1,2";
			};
			name = Release;
		};
		01DFDABC26B2370300D905A1 /* Debug */ = {
			isa = XCBuildConfiguration;
			buildSettings = {
				BUNDLE_LOADER = "$(TEST_HOST)";
				CODE_SIGN_STYLE = Automatic;
				INFOPLIST_FILE = SnipProjectTests/Info.plist;
				LD_RUNPATH_SEARCH_PATHS = (
					"$(inherited)",
					"@executable_path/Frameworks",
					"@loader_path/Frameworks",
				);
				PRODUCT_BUNDLE_IDENTIFIER = com.iOSdev.batch29.SnipProjectTests;
				PRODUCT_NAME = "$(TARGET_NAME)";
				SWIFT_VERSION = 5.0;
				TARGETED_DEVICE_FAMILY = "1,2";
				TEST_HOST = "$(BUILT_PRODUCTS_DIR)/SnipProject.app/SnipProject";
			};
			name = Debug;
		};
		01DFDABD26B2370300D905A1 /* Release */ = {
			isa = XCBuildConfiguration;
			buildSettings = {
				BUNDLE_LOADER = "$(TEST_HOST)";
				CODE_SIGN_STYLE = Automatic;
				INFOPLIST_FILE = SnipProjectTests/Info.plist;
				LD_RUNPATH_SEARCH_PATHS = (
					"$(inherited)",
					"@executable_path/Frameworks",
					"@loader_path/Frameworks",
				);
				PRODUCT_BUNDLE_IDENTIFIER = com.iOSdev.batch29.SnipProjectTests;
				PRODUCT_NAME = "$(TARGET_NAME)";
				SWIFT_VERSION = 5.0;
				TARGETED_DEVICE_FAMILY = "1,2";
				TEST_HOST = "$(BUILT_PRODUCTS_DIR)/SnipProject.app/SnipProject";
			};
			name = Release;
		};
/* End XCBuildConfiguration section */

/* Begin XCConfigurationList section */
		01DFD9BE26AEFF3C00D905A1 /* Build configuration list for PBXProject "SnipProject" */ = {
			isa = XCConfigurationList;
			buildConfigurations = (
				01DFD9EB26AEFF4200D905A1 /* Debug */,
				01DFD9EC26AEFF4200D905A1 /* Release */,
			);
			defaultConfigurationIsVisible = 0;
			defaultConfigurationName = Release;
		};
		01DFD9ED26AEFF4200D905A1 /* Build configuration list for PBXNativeTarget "SnipProject" */ = {
			isa = XCConfigurationList;
			buildConfigurations = (
				01DFD9EE26AEFF4200D905A1 /* Debug */,
				01DFD9EF26AEFF4200D905A1 /* Release */,
			);
			defaultConfigurationIsVisible = 0;
			defaultConfigurationName = Release;
		};
		01DFDABB26B2370300D905A1 /* Build configuration list for PBXNativeTarget "SnipProjectTests" */ = {
			isa = XCConfigurationList;
			buildConfigurations = (
				01DFDABC26B2370300D905A1 /* Debug */,
				01DFDABD26B2370300D905A1 /* Release */,
			);
			defaultConfigurationIsVisible = 0;
			defaultConfigurationName = Release;
		};
/* End XCConfigurationList section */
	};
	rootObject = 01DFD9BB26AEFF3C00D905A1 /* Project object */;
}
